PODS:
  - AFNetworking (3.1.0):
    - AFNetworking/NSURLSession (= 3.1.0)
    - AFNetworking/Reachability (= 3.1.0)
    - AFNetworking/Security (= 3.1.0)
    - AFNetworking/Serialization (= 3.1.0)
    - AFNetworking/UIKit (= 3.1.0)
  - AFNetworking/NSURLSession (3.1.0):
    - AFNetworking/Reachability
    - AFNetworking/Security
    - AFNetworking/Serialization
  - AFNetworking/Reachability (3.1.0)
  - AFNetworking/Security (3.1.0)
  - AFNetworking/Serialization (3.1.0)
  - AFNetworking/UIKit (3.1.0):
    - AFNetworking/NSURLSession
  - AFOAuth2Manager (3.0.0):
    - AFNetworking/NSURLSession (~> 3.0)
  - Alamofire (4.3.0)
  - Crashlytics (3.7.3):
    - Fabric (~> 1.6.3)
  - Fabric (1.6.11)
  - Firebase (3.14.0):
    - Firebase/Core (= 3.14.0)
  - Firebase/Core (3.14.0):
    - FirebaseAnalytics (= 3.7.0)
    - FirebaseCore (= 3.5.1)
  - Firebase/Messaging (3.14.0):
    - Firebase/Core
    - FirebaseMessaging (= 1.2.2)
  - FirebaseAnalytics (3.7.0):
    - FirebaseCore (~> 3.5)
    - FirebaseInstanceID (~> 1.0)
    - GoogleToolboxForMac/NSData+zlib (~> 2.1)
  - FirebaseCore (3.5.1):
    - GoogleToolboxForMac/NSData+zlib (~> 2.1)
  - FirebaseInstanceID (1.0.9)
  - FirebaseMessaging (1.2.2):
    - FirebaseAnalytics (~> 3.7)
    - FirebaseInstanceID (~> 1.0)
    - GoogleToolboxForMac/Logger (~> 2.1)
    - Protobuf (~> 3.1)
  - Flurry-iOS-SDK/FlurrySDK (7.5.2)
  - GGFullscreenImageViewController (1.0.0)
  - GoogleToolboxForMac/Defines (2.1.1)
  - GoogleToolboxForMac/Logger (2.1.1):
    - GoogleToolboxForMac/Defines (= 2.1.1)
  - GoogleToolboxForMac/NSData+zlib (2.1.1):
    - GoogleToolboxForMac/Defines (= 2.1.1)
  - Instabug (5.1.2)
  - LECropPictureViewController (0.1.2)
  - MBProgressHUD (0.9.2)
  - Pantry (0.3)
  - Protobuf (3.2.0)
  - SDWebImage (3.8.2):
    - SDWebImage/Core (= 3.8.2)
  - SDWebImage/Core (3.8.2)
  - SlideMenuControllerSwift (3.0.1)
  - SpinKit (1.2.0)
  - StaticDataTableViewController (2.0.5)
  - Sweeft (0.5.1)
  - Toaster (2.0.3)
  - TouchVisualizer (2.0.1)

DEPENDENCIES:
  - AFNetworking (~> 3.0)
  - AFOAuth2Manager (~> 3.0)
  - Alamofire (~> 4.0)
  - Crashlytics (~> 3.7.0)
  - Fabric (~> 1.6.7)
  - Firebase
  - Firebase/Messaging
  - Flurry-iOS-SDK/FlurrySDK (~> 7.5.2)
  - GGFullscreenImageViewController (~> 1.0)
  - Instabug (~> 5.1.2)
  - LECropPictureViewController (~> 0.1.2)
  - MBProgressHUD (~> 0.9.2)
  - Pantry
  - SDWebImage (~> 3.7)
  - SlideMenuControllerSwift (~> 3.0.0)
  - SpinKit (~> 1.2.0)
  - StaticDataTableViewController (~> 2.0)
  - Sweeft (~> 0.3)
  - Toaster (~> 2.0)
  - TouchVisualizer (~> 2.0.1)

SPEC CHECKSUMS:
  AFNetworking: 5e0e199f73d8626b11e79750991f5d173d1f8b67
  AFOAuth2Manager: 0566da1be64883e339813d411229fdc9a84dab7c
  Alamofire: 856a113053a7bc9cbe5d6367a555d773fc5cfef7
  Crashlytics: 76f6beaff70acf226139582c09c78461597c2b98
  Fabric: 5911403591946b8228ab1c51d98f1d7137e863c6
  Firebase: 85a581fb04e44f63ae9f4fbc8d6dabf4a4c18653
  FirebaseAnalytics: 0d1b7d81d5021155be37702a94ba1ec16d45365d
  FirebaseCore: 225d40532489835a034b8f4e2c9c87fbf4f615a2
  FirebaseInstanceID: 2d0518b1378fe9d685ef40cbdd63d2fdc1125339
  FirebaseMessaging: df8267f378580a24174ce7861233aa11d5c90109
  Flurry-iOS-SDK: 8c87c4eab6008184ad9f63afabd79ec0d109c82e
  GGFullscreenImageViewController: 17935922bc80806eba3c9a0c22a22ecedc260510
  GoogleToolboxForMac: 8e329f1b599f2512c6b10676d45736bcc2cbbeb0
  Instabug: c315abe1a1c4cbd3ea1cc6ec8f9954d6c5371c39
  LECropPictureViewController: d64cd991d94d7804c0971f97adae6d1bc216a7b8
  MBProgressHUD: 1569cf7ace17a8bac47aabfbb8580a49690386d1
  Pantry: 98481849be65d2b2cb9658976533e84ebd266192
  Protobuf: 745f59e122e5de98d4d7ef291e264a0eef80f58e
  SDWebImage: 098e97e6176540799c27e804c96653ee0833d13c
  SlideMenuControllerSwift: 9a163b16d54afab734add42858cba7ef7c307755
  SpinKit: 65906a8b534a4e14cbfd3f8b0b6c329131faef4a
  StaticDataTableViewController: 7ea8d7bc8c7f0a4e9255a320224462c7346c1d4a
  Sweeft: 04ef2edffb566c07b64f2a4789825458f5275c85
  Toaster: 77c0b03d78e680bbbab0071c9c7ee392b0034010
  TouchVisualizer: d1bd1b438d084245332c222d9e14416c271c5f25

PODFILE CHECKSUM: 4d7143e1e9d67a3666422a7be77fd8f3167bae43

COCOAPODS: 1.2.0.beta.1
