<?xml version="1.0" encoding="UTF-8"?>
<!DOCTYPE plist PUBLIC "-//Apple//DTD PLIST 1.0//EN" "http://www.apple.com/DTDs/PropertyList-1.0.dtd">
<plist version="1.0">
<dict>
	<key>archiveVersion</key>
	<string>1</string>
	<key>classes</key>
	<dict/>
	<key>objectVersion</key>
	<string>46</string>
	<key>objects</key>
	<dict>
		<key>0E7EFF351CEDBEFE006ACDA1</key>
		<dict>
			<key>fileEncoding</key>
			<string>4</string>
			<key>isa</key>
			<string>PBXFileReference</string>
			<key>lastKnownFileType</key>
			<string>sourcecode.swift</string>
			<key>path</key>
			<string>BOImageDownloadManager.swift</string>
			<key>sourceTree</key>
			<string>&lt;group&gt;</string>
		</dict>
		<key>0E7EFF361CEDBEFE006ACDA1</key>
		<dict>
			<key>fileRef</key>
			<string>0E7EFF351CEDBEFE006ACDA1</string>
			<key>isa</key>
			<string>PBXBuildFile</string>
		</dict>
		<key>0EB81A371CD8AF8F00AEBA8C</key>
		<dict>
			<key>fileEncoding</key>
			<string>4</string>
			<key>isa</key>
			<string>PBXFileReference</string>
			<key>lastKnownFileType</key>
			<string>sourcecode.swift</string>
			<key>path</key>
			<string>BONetworkManager.swift</string>
			<key>sourceTree</key>
			<string>&lt;group&gt;</string>
		</dict>
		<key>0EB81A381CD8AF8F00AEBA8C</key>
		<dict>
			<key>fileRef</key>
			<string>0EB81A371CD8AF8F00AEBA8C</string>
			<key>isa</key>
			<string>PBXBuildFile</string>
		</dict>
		<key>0EB81A391CD8AFE400AEBA8C</key>
		<dict>
			<key>fileEncoding</key>
			<string>4</string>
			<key>isa</key>
			<string>PBXFileReference</string>
			<key>lastKnownFileType</key>
			<string>sourcecode.swift</string>
			<key>path</key>
			<string>BackendServices.swift</string>
			<key>sourceTree</key>
			<string>&lt;group&gt;</string>
		</dict>
		<key>0EB81A3A1CD8AFE400AEBA8C</key>
		<dict>
			<key>fileRef</key>
			<string>0EB81A391CD8AFE400AEBA8C</string>
			<key>isa</key>
			<string>PBXBuildFile</string>
		</dict>
		<key>1D88FB97BC82D591897E3E20</key>
		<dict>
			<key>includeInIndex</key>
			<string>1</string>
			<key>isa</key>
			<string>PBXFileReference</string>
			<key>lastKnownFileType</key>
			<string>text.xcconfig</string>
			<key>name</key>
			<string>Pods-BreakOut.release.xcconfig</string>
			<key>path</key>
			<string>Pods/Target Support Files/Pods-BreakOut/Pods-BreakOut.release.xcconfig</string>
			<key>sourceTree</key>
			<string>&lt;group&gt;</string>
		</dict>
		<key>1EB499C04979986967F64D58</key>
		<dict>
			<key>children</key>
			<array>
				<string>266BFF721CC40AE80004E220</string>
				<string>2678A5A11B7F3B2D000CF85A</string>
				<string>A22294A936BB11E6CC6AA4B5</string>
			</array>
			<key>isa</key>
			<string>PBXGroup</string>
			<key>name</key>
			<string>Frameworks</string>
			<key>sourceTree</key>
			<string>&lt;group&gt;</string>
		</dict>
		<key>20599646A8EAE383FC1DEFF4</key>
		<dict>
			<key>buildActionMask</key>
			<string>2147483647</string>
			<key>files</key>
			<array/>
			<key>inputPaths</key>
			<array/>
			<key>isa</key>
			<string>PBXShellScriptBuildPhase</string>
			<key>name</key>
			<string>Check Pods Manifest.lock</string>
			<key>outputPaths</key>
			<array/>
			<key>runOnlyForDeploymentPostprocessing</key>
			<string>0</string>
			<key>shellPath</key>
			<string>/bin/sh</string>
			<key>shellScript</key>
			<string>diff "${PODS_ROOT}/../Podfile.lock" "${PODS_ROOT}/Manifest.lock" &gt; /dev/null
if [[ $? != 0 ]] ; then
    cat &lt;&lt; EOM
error: The sandbox is not in sync with the Podfile.lock. Run 'pod install' or update your CocoaPods installation.
EOM
    exit 1
fi
</string>
			<key>showEnvVarsInLog</key>
			<string>0</string>
		</dict>
		<key>2601213F1C7892620041EAA8</key>
		<dict>
			<key>fileEncoding</key>
			<string>4</string>
			<key>isa</key>
			<string>PBXFileReference</string>
			<key>lastKnownFileType</key>
			<string>sourcecode.swift</string>
			<key>name</key>
			<string>FeatureFlagManager.swift</string>
			<key>path</key>
			<string>Core/FeatureFlagManager.swift</string>
			<key>sourceTree</key>
			<string>&lt;group&gt;</string>
		</dict>
		<key>260121401C7892620041EAA8</key>
		<dict>
			<key>fileRef</key>
			<string>2601213F1C7892620041EAA8</string>
			<key>isa</key>
			<string>PBXBuildFile</string>
		</dict>
		<key>260121411C78F6F20041EAA8</key>
		<dict>
			<key>fileEncoding</key>
			<string>4</string>
			<key>isa</key>
			<string>PBXFileReference</string>
			<key>lastKnownFileType</key>
			<string>sourcecode.swift</string>
			<key>name</key>
			<string>BOToast.swift</string>
			<key>path</key>
			<string>Core/BOToast.swift</string>
			<key>sourceTree</key>
			<string>&lt;group&gt;</string>
		</dict>
		<key>260121421C78F6F20041EAA8</key>
		<dict>
			<key>fileRef</key>
			<string>260121411C78F6F20041EAA8</string>
			<key>isa</key>
			<string>PBXBuildFile</string>
		</dict>
		<key>260121431C78FD6C0041EAA8</key>
		<dict>
			<key>fileEncoding</key>
			<string>4</string>
			<key>isa</key>
			<string>PBXFileReference</string>
			<key>lastKnownFileType</key>
			<string>sourcecode.swift</string>
			<key>name</key>
			<string>Extensions.swift</string>
			<key>path</key>
			<string>Core/Extensions.swift</string>
			<key>sourceTree</key>
			<string>&lt;group&gt;</string>
		</dict>
		<key>260121441C78FD6C0041EAA8</key>
		<dict>
			<key>fileRef</key>
			<string>260121431C78FD6C0041EAA8</string>
			<key>isa</key>
			<string>PBXBuildFile</string>
		</dict>
		<key>260121451C78FE650041EAA8</key>
		<dict>
			<key>fileEncoding</key>
			<string>4</string>
			<key>isa</key>
			<string>PBXFileReference</string>
			<key>lastKnownFileType</key>
			<string>sourcecode.swift</string>
			<key>name</key>
			<string>BOImageView.swift</string>
			<key>path</key>
			<string>Core/BOImageView.swift</string>
			<key>sourceTree</key>
			<string>&lt;group&gt;</string>
		</dict>
		<key>260121461C78FE650041EAA8</key>
		<dict>
			<key>fileRef</key>
			<string>260121451C78FE650041EAA8</string>
			<key>isa</key>
			<string>PBXBuildFile</string>
		</dict>
		<key>260121471C79008E0041EAA8</key>
		<dict>
			<key>fileEncoding</key>
			<string>4</string>
			<key>isa</key>
			<string>PBXFileReference</string>
			<key>lastKnownFileType</key>
			<string>sourcecode.swift</string>
			<key>name</key>
			<string>BOButton.swift</string>
			<key>path</key>
			<string>Core/BOButton.swift</string>
			<key>sourceTree</key>
			<string>&lt;group&gt;</string>
		</dict>
		<key>260121481C79008E0041EAA8</key>
		<dict>
			<key>fileRef</key>
			<string>260121471C79008E0041EAA8</string>
			<key>isa</key>
			<string>PBXBuildFile</string>
		</dict>
		<key>260121491C79039E0041EAA8</key>
		<dict>
			<key>children</key>
			<array>
				<string>260121431C78FD6C0041EAA8</string>
				<string>260121451C78FE650041EAA8</string>
				<string>260121471C79008E0041EAA8</string>
			</array>
			<key>isa</key>
			<string>PBXGroup</string>
			<key>name</key>
			<string>Extensions and Subclasses</string>
			<key>sourceTree</key>
			<string>&lt;group&gt;</string>
		</dict>
		<key>262955A91CE7898B004D3213</key>
		<dict>
			<key>fileEncoding</key>
			<string>4</string>
			<key>isa</key>
			<string>PBXFileReference</string>
			<key>lastKnownFileType</key>
			<string>sourcecode.swift</string>
			<key>name</key>
			<string>PostingDetailsTableViewController.swift</string>
			<key>path</key>
			<string>Screens/Posts/PostingDetailsTableViewController.swift</string>
			<key>sourceTree</key>
			<string>&lt;group&gt;</string>
		</dict>
		<key>262955AA1CE7898B004D3213</key>
		<dict>
			<key>fileRef</key>
			<string>262955A91CE7898B004D3213</string>
			<key>isa</key>
			<string>PBXBuildFile</string>
		</dict>
		<key>262955AB1CE789B4004D3213</key>
		<dict>
			<key>fileEncoding</key>
			<string>4</string>
			<key>isa</key>
			<string>PBXFileReference</string>
			<key>lastKnownFileType</key>
			<string>sourcecode.swift</string>
			<key>name</key>
			<string>PostingCommentTableViewCell.swift</string>
			<key>path</key>
			<string>Screens/Posts/PostingCommentTableViewCell.swift</string>
			<key>sourceTree</key>
			<string>&lt;group&gt;</string>
		</dict>
		<key>262955AC1CE789B4004D3213</key>
		<dict>
			<key>fileRef</key>
			<string>262955AB1CE789B4004D3213</string>
			<key>isa</key>
			<string>PBXBuildFile</string>
		</dict>
		<key>262955AD1CE79656004D3213</key>
		<dict>
			<key>fileEncoding</key>
			<string>4</string>
			<key>isa</key>
			<string>PBXFileReference</string>
			<key>lastKnownFileType</key>
			<string>sourcecode.swift</string>
			<key>name</key>
			<string>PostingCommentInputTableViewCell.swift</string>
			<key>path</key>
			<string>Screens/Posts/PostingCommentInputTableViewCell.swift</string>
			<key>sourceTree</key>
			<string>&lt;group&gt;</string>
		</dict>
		<key>262955AE1CE79656004D3213</key>
		<dict>
			<key>fileRef</key>
			<string>262955AD1CE79656004D3213</string>
			<key>isa</key>
			<string>PBXBuildFile</string>
		</dict>
		<key>262955AF1CE8FABD004D3213</key>
		<dict>
			<key>fileEncoding</key>
			<string>4</string>
			<key>isa</key>
			<string>PBXFileReference</string>
			<key>lastKnownFileType</key>
			<string>sourcecode.swift</string>
			<key>name</key>
			<string>HelpTableViewController.swift</string>
			<key>path</key>
			<string>Screens/HelpTableViewController.swift</string>
			<key>sourceTree</key>
			<string>&lt;group&gt;</string>
		</dict>
		<key>262955B01CE8FABD004D3213</key>
		<dict>
			<key>fileRef</key>
			<string>262955AF1CE8FABD004D3213</string>
			<key>isa</key>
			<string>PBXBuildFile</string>
		</dict>
		<key>262FA8FA1CCD1BF70094B810</key>
		<dict>
			<key>fileEncoding</key>
			<string>4</string>
			<key>isa</key>
			<string>PBXFileReference</string>
			<key>lastKnownFileType</key>
			<string>sourcecode.swift</string>
			<key>name</key>
			<string>AllPostingsTableViewController.swift</string>
			<key>path</key>
			<string>Screens/Posts/AllPostingsTableViewController.swift</string>
			<key>sourceTree</key>
			<string>&lt;group&gt;</string>
		</dict>
		<key>262FA8FB1CCD1BF70094B810</key>
		<dict>
			<key>fileRef</key>
			<string>262FA8FA1CCD1BF70094B810</string>
			<key>isa</key>
			<string>PBXBuildFile</string>
		</dict>
		<key>262FA8FC1CCD1C210094B810</key>
		<dict>
			<key>fileEncoding</key>
			<string>4</string>
			<key>isa</key>
			<string>PBXFileReference</string>
			<key>lastKnownFileType</key>
			<string>sourcecode.swift</string>
			<key>name</key>
			<string>PostingTableViewCell.swift</string>
			<key>path</key>
			<string>Screens/Posts/PostingTableViewCell.swift</string>
			<key>sourceTree</key>
			<string>&lt;group&gt;</string>
		</dict>
		<key>262FA8FD1CCD1C210094B810</key>
		<dict>
			<key>fileRef</key>
			<string>262FA8FC1CCD1C210094B810</string>
			<key>isa</key>
			<string>PBXBuildFile</string>
		</dict>
		<key>262FA8FE1CCD5ADA0094B810</key>
		<dict>
			<key>fileEncoding</key>
			<string>4</string>
			<key>isa</key>
			<string>PBXFileReference</string>
			<key>lastKnownFileType</key>
			<string>sourcecode.swift</string>
			<key>name</key>
			<string>BOImage.swift</string>
			<key>path</key>
			<string>Core/Database/BOImage.swift</string>
			<key>sourceTree</key>
			<string>&lt;group&gt;</string>
		</dict>
		<key>262FA8FF1CCD5ADA0094B810</key>
		<dict>
			<key>fileRef</key>
			<string>262FA8FE1CCD5ADA0094B810</string>
			<key>isa</key>
			<string>PBXBuildFile</string>
		</dict>
		<key>263BAE461C63B59900271EF0</key>
		<dict>
			<key>fileEncoding</key>
			<string>4</string>
			<key>isa</key>
			<string>PBXFileReference</string>
			<key>lastKnownFileType</key>
			<string>sourcecode.swift</string>
			<key>name</key>
			<string>JoinTeamByInvitationTableViewController.swift</string>
			<key>path</key>
			<string>Screens/JoinTeamByInvitationTableViewController.swift</string>
			<key>sourceTree</key>
			<string>&lt;group&gt;</string>
		</dict>
		<key>263BAE471C63B59900271EF0</key>
		<dict>
			<key>fileRef</key>
			<string>263BAE461C63B59900271EF0</string>
			<key>isa</key>
			<string>PBXBuildFile</string>
		</dict>
		<key>2643F5F41CC2B94500031038</key>
		<dict>
			<key>fileEncoding</key>
			<string>4</string>
			<key>isa</key>
			<string>PBXFileReference</string>
			<key>lastKnownFileType</key>
			<string>sourcecode.swift</string>
			<key>name</key>
			<string>NewPostingTableViewController.swift</string>
			<key>path</key>
			<string>Screens/Posts/NewPostingTableViewController.swift</string>
			<key>sourceTree</key>
			<string>&lt;group&gt;</string>
		</dict>
		<key>2643F5F51CC2B94500031038</key>
		<dict>
			<key>fileRef</key>
			<string>2643F5F41CC2B94500031038</string>
			<key>isa</key>
			<string>PBXBuildFile</string>
		</dict>
		<key>2646AB431C56BE680082CA71</key>
		<dict>
			<key>fileEncoding</key>
			<string>4</string>
			<key>isa</key>
			<string>PBXFileReference</string>
			<key>lastKnownFileType</key>
			<string>sourcecode.swift</string>
			<key>name</key>
			<string>JoinTeamViewController.swift</string>
			<key>path</key>
			<string>Screens/JoinTeamViewController.swift</string>
			<key>sourceTree</key>
			<string>&lt;group&gt;</string>
		</dict>
		<key>2646AB441C56BE680082CA71</key>
		<dict>
			<key>fileRef</key>
			<string>2646AB431C56BE680082CA71</string>
			<key>isa</key>
			<string>PBXBuildFile</string>
		</dict>
		<key>2649F80A1C652AF4005AA763</key>
		<dict>
			<key>fileEncoding</key>
			<string>4</string>
			<key>isa</key>
			<string>PBXFileReference</string>
			<key>lastKnownFileType</key>
			<string>sourcecode.swift</string>
			<key>name</key>
			<string>TeamProfileViewController.swift</string>
			<key>path</key>
			<string>Screens/Teams/TeamProfileViewController.swift</string>
			<key>sourceTree</key>
			<string>&lt;group&gt;</string>
		</dict>
		<key>2649F80B1C652AF4005AA763</key>
		<dict>
			<key>fileRef</key>
			<string>2649F80A1C652AF4005AA763</string>
			<key>isa</key>
			<string>PBXBuildFile</string>
		</dict>
		<key>2649F80C1C652C15005AA763</key>
		<dict>
			<key>fileEncoding</key>
			<string>4</string>
			<key>isa</key>
			<string>PBXFileReference</string>
			<key>lastKnownFileType</key>
			<string>sourcecode.swift</string>
			<key>name</key>
			<string>TeamProfilePostingsTableViewController.swift</string>
			<key>path</key>
			<string>Screens/Teams/TeamProfilePostingsTableViewController.swift</string>
			<key>sourceTree</key>
			<string>&lt;group&gt;</string>
		</dict>
		<key>2649F80D1C652C15005AA763</key>
		<dict>
			<key>fileRef</key>
			<string>2649F80C1C652C15005AA763</string>
			<key>isa</key>
			<string>PBXBuildFile</string>
		</dict>
		<key>265DEB631BAC48B90076F222</key>
		<dict>
			<key>fileEncoding</key>
			<string>4</string>
			<key>isa</key>
			<string>PBXFileReference</string>
			<key>lastKnownFileType</key>
			<string>text</string>
			<key>path</key>
			<string>Podfile</string>
			<key>sourceTree</key>
			<string>SOURCE_ROOT</string>
			<key>xcLanguageSpecificationIdentifier</key>
			<string>xcode.lang.ruby</string>
		</dict>
		<key>265DEB641BAC48B90076F222</key>
		<dict>
			<key>fileRef</key>
			<string>265DEB631BAC48B90076F222</string>
			<key>isa</key>
			<string>PBXBuildFile</string>
		</dict>
		<key>265DEB671BAC59190076F222</key>
		<dict>
			<key>isa</key>
			<string>PBXFileReference</string>
			<key>lastKnownFileType</key>
			<string>sourcecode.c.h</string>
			<key>path</key>
			<string>bridging-header.h</string>
			<key>sourceTree</key>
			<string>&lt;group&gt;</string>
		</dict>
		<key>265FF0461C64AB4900176F3B</key>
		<dict>
			<key>fileEncoding</key>
			<string>4</string>
			<key>isa</key>
			<string>PBXFileReference</string>
			<key>lastKnownFileType</key>
			<string>sourcecode.swift</string>
			<key>name</key>
			<string>WelcomeScreenViewController.swift</string>
			<key>path</key>
			<string>Screens/WelcomeScreenViewController.swift</string>
			<key>sourceTree</key>
			<string>&lt;group&gt;</string>
		</dict>
		<key>265FF0471C64AB4900176F3B</key>
		<dict>
			<key>fileRef</key>
			<string>265FF0461C64AB4900176F3B</string>
			<key>isa</key>
			<string>PBXBuildFile</string>
		</dict>
		<key>266BFF6D1CC400500004E220</key>
		<dict>
			<key>fileEncoding</key>
			<string>4</string>
			<key>isa</key>
			<string>PBXFileReference</string>
			<key>lastKnownFileType</key>
			<string>sourcecode.swift</string>
			<key>name</key>
			<string>BOLocation.swift</string>
			<key>path</key>
			<string>Core/Database/BOLocation.swift</string>
			<key>sourceTree</key>
			<string>&lt;group&gt;</string>
		</dict>
		<key>266BFF6E1CC400500004E220</key>
		<dict>
			<key>fileRef</key>
			<string>266BFF6D1CC400500004E220</string>
			<key>isa</key>
			<string>PBXBuildFile</string>
		</dict>
		<key>266BFF721CC40AE80004E220</key>
		<dict>
			<key>isa</key>
			<string>PBXFileReference</string>
			<key>lastKnownFileType</key>
			<string>wrapper.framework</string>
			<key>name</key>
			<string>CoreLocation.framework</string>
			<key>path</key>
			<string>System/Library/Frameworks/CoreLocation.framework</string>
			<key>sourceTree</key>
			<string>SDKROOT</string>
		</dict>
		<key>266BFF731CC40AE80004E220</key>
		<dict>
			<key>fileRef</key>
			<string>266BFF721CC40AE80004E220</string>
			<key>isa</key>
			<string>PBXBuildFile</string>
		</dict>
		<key>2678A5711B7E4BB4000CF85A</key>
		<dict>
			<key>children</key>
			<array>
				<string>2678A57C1B7E4BB4000CF85A</string>
				<string>2678A5941B7E4BB4000CF85A</string>
				<string>2678A57B1B7E4BB4000CF85A</string>
				<string>1EB499C04979986967F64D58</string>
				<string>50B4BD7A2C2315AD160F4DF0</string>
			</array>
			<key>isa</key>
			<string>PBXGroup</string>
			<key>sourceTree</key>
			<string>&lt;group&gt;</string>
		</dict>
		<key>2678A5721B7E4BB4000CF85A</key>
		<dict>
			<key>attributes</key>
			<dict>
				<key>LastSwiftUpdateCheck</key>
				<string>0710</string>
				<key>LastUpgradeCheck</key>
				<string>0720</string>
				<key>ORGANIZATIONNAME</key>
				<string>BreakOut</string>
				<key>TargetAttributes</key>
				<dict>
					<key>2678A5791B7E4BB4000CF85A</key>
					<dict>
						<key>CreatedOnToolsVersion</key>
						<string>6.4</string>
						<key>DevelopmentTeam</key>
						<string>S9987XBGX5</string>
						<key>SystemCapabilities</key>
						<dict>
							<key>com.apple.BackgroundModes</key>
							<dict>
								<key>enabled</key>
								<string>1</string>
							</dict>
						</dict>
					</dict>
					<key>2678A5901B7E4BB4000CF85A</key>
					<dict>
						<key>CreatedOnToolsVersion</key>
						<string>6.4</string>
						<key>TestTargetID</key>
						<string>2678A5791B7E4BB4000CF85A</string>
					</dict>
				</dict>
			</dict>
			<key>buildConfigurationList</key>
			<string>2678A5751B7E4BB4000CF85A</string>
			<key>compatibilityVersion</key>
			<string>Xcode 3.2</string>
			<key>developmentRegion</key>
			<string>English</string>
			<key>hasScannedForEncodings</key>
			<string>0</string>
			<key>isa</key>
			<string>PBXProject</string>
			<key>knownRegions</key>
			<array>
				<string>en</string>
				<string>Base</string>
				<string>de</string>
			</array>
			<key>mainGroup</key>
			<string>2678A5711B7E4BB4000CF85A</string>
			<key>productRefGroup</key>
			<string>2678A57B1B7E4BB4000CF85A</string>
			<key>projectDirPath</key>
			<string></string>
			<key>projectReferences</key>
			<array/>
			<key>projectRoot</key>
			<string></string>
			<key>targets</key>
			<array>
				<string>2678A5791B7E4BB4000CF85A</string>
				<string>2678A5901B7E4BB4000CF85A</string>
			</array>
		</dict>
		<key>2678A5751B7E4BB4000CF85A</key>
		<dict>
			<key>buildConfigurations</key>
			<array>
				<string>2678A5991B7E4BB4000CF85A</string>
				<string>2678A59A1B7E4BB4000CF85A</string>
			</array>
			<key>defaultConfigurationIsVisible</key>
			<string>0</string>
			<key>defaultConfigurationName</key>
			<string>Release</string>
			<key>isa</key>
			<string>XCConfigurationList</string>
		</dict>
		<key>2678A5761B7E4BB4000CF85A</key>
		<dict>
			<key>buildActionMask</key>
			<string>2147483647</string>
			<key>files</key>
			<array>
				<string>26FD9E631C0A41C600BF9EFD</string>
				<string>61D0BE7E1CD6B3D50069DAEC</string>
				<string>26FD9E6B1C0B9B2D00BF9EFD</string>
				<string>262955AE1CE79656004D3213</string>
				<string>2646AB441C56BE680082CA71</string>
				<string>26DA0DA61C31568A009AB1B7</string>
				<string>262FA8FF1CCD5ADA0094B810</string>
				<string>26DA0DA21C31538A009AB1B7</string>
				<string>61E86D791CE77082000CD707</string>
				<string>26BB1E8A1C3F082C00871024</string>
				<string>262955B01CE8FABD004D3213</string>
				<string>6153CCB91CD7FA1900E9CAE6</string>
				<string>269AADC81C9483E10034F32C</string>
				<string>0EB81A3A1CD8AFE400AEBA8C</string>
				<string>26AA75231C81CFA80023D009</string>
				<string>2678A5841B7E4BB4000CF85A</string>
				<string>0EB81A381CD8AF8F00AEBA8C</string>
				<string>26985F151C428EAB00C5FA0C</string>
				<string>260121421C78F6F20041EAA8</string>
				<string>2643F5F51CC2B94500031038</string>
				<string>260121481C79008E0041EAA8</string>
				<string>2678A5801B7E4BB4000CF85A</string>
				<string>2678B0441C39CBA800136507</string>
				<string>26AA75251C8318A20023D009</string>
				<string>26FD9E6D1C0B9E3700BF9EFD</string>
				<string>260121401C7892620041EAA8</string>
				<string>260121461C78FE650041EAA8</string>
				<string>26FD9E711C0BAEF100BF9EFD</string>
				<string>262FA8FD1CCD1C210094B810</string>
				<string>262FA8FB1CCD1BF70094B810</string>
				<string>61D0BE801CD6BB670069DAEC</string>
				<string>2649F80B1C652AF4005AA763</string>
				<string>26985F2D1C4301A600C5FA0C</string>
				<string>265FF0471C64AB4900176F3B</string>
				<string>26DA0DA81C316317009AB1B7</string>
				<string>2678A5821B7E4BB4000CF85A</string>
				<string>262955AA1CE7898B004D3213</string>
				<string>266BFF6E1CC400500004E220</string>
				<string>260121441C78FD6C0041EAA8</string>
				<string>262955AC1CE789B4004D3213</string>
				<string>26FD9E691C0B8F0400BF9EFD</string>
				<string>61D0BE7A1CD6B32A0069DAEC</string>
				<string>2649F80D1C652C15005AA763</string>
				<string>263BAE471C63B59900271EF0</string>
				<string>0E7EFF361CEDBEFE006ACDA1</string>
				<string>26FD9E661C0B78FF00BF9EFD</string>
				<string>269AADC61C936C2C0034F32C</string>
			</array>
			<key>isa</key>
			<string>PBXSourcesBuildPhase</string>
			<key>runOnlyForDeploymentPostprocessing</key>
			<string>0</string>
		</dict>
		<key>2678A5771B7E4BB4000CF85A</key>
		<dict>
			<key>buildActionMask</key>
			<string>2147483647</string>
			<key>files</key>
			<array>
				<string>266BFF731CC40AE80004E220</string>
				<string>2678A5A21B7F3B2D000CF85A</string>
				<string>B9850BAA8EB84978176AA864</string>
			</array>
			<key>isa</key>
			<string>PBXFrameworksBuildPhase</string>
			<key>runOnlyForDeploymentPostprocessing</key>
			<string>0</string>
		</dict>
		<key>2678A5781B7E4BB4000CF85A</key>
		<dict>
			<key>buildActionMask</key>
			<string>2147483647</string>
			<key>files</key>
			<array>
				<string>26985F1A1C42974D00C5FA0C</string>
				<string>2678A5871B7E4BB4000CF85A</string>
				<string>2678A58C1B7E4BB4000CF85A</string>
				<string>265DEB641BAC48B90076F222</string>
				<string>2678A5891B7E4BB4000CF85A</string>
			</array>
			<key>isa</key>
			<string>PBXResourcesBuildPhase</string>
			<key>runOnlyForDeploymentPostprocessing</key>
			<string>0</string>
		</dict>
		<key>2678A5791B7E4BB4000CF85A</key>
		<dict>
			<key>buildConfigurationList</key>
			<string>2678A59B1B7E4BB4000CF85A</string>
			<key>buildPhases</key>
			<array>
				<string>20599646A8EAE383FC1DEFF4</string>
				<string>2678A5761B7E4BB4000CF85A</string>
				<string>2678A5771B7E4BB4000CF85A</string>
				<string>2678A5781B7E4BB4000CF85A</string>
				<string>2688FD0B1BAC5D7200D2E676</string>
				<string>F53795D0DEB3AE591117450C</string>
				<string>925517E81773EF32593D7738</string>
			</array>
			<key>buildRules</key>
			<array/>
			<key>dependencies</key>
			<array/>
			<key>isa</key>
			<string>PBXNativeTarget</string>
			<key>name</key>
			<string>BreakOut</string>
			<key>productName</key>
			<string>BreakOut</string>
			<key>productReference</key>
			<string>2678A57A1B7E4BB4000CF85A</string>
			<key>productType</key>
			<string>com.apple.product-type.application</string>
		</dict>
		<key>2678A57A1B7E4BB4000CF85A</key>
		<dict>
			<key>explicitFileType</key>
			<string>wrapper.application</string>
			<key>includeInIndex</key>
			<string>0</string>
			<key>isa</key>
			<string>PBXFileReference</string>
			<key>path</key>
			<string>BreakOut.app</string>
			<key>sourceTree</key>
			<string>BUILT_PRODUCTS_DIR</string>
		</dict>
		<key>2678A57B1B7E4BB4000CF85A</key>
		<dict>
			<key>children</key>
			<array>
				<string>2678A57A1B7E4BB4000CF85A</string>
				<string>2678A5911B7E4BB4000CF85A</string>
			</array>
			<key>isa</key>
			<string>PBXGroup</string>
			<key>name</key>
			<string>Products</string>
			<key>sourceTree</key>
			<string>&lt;group&gt;</string>
		</dict>
		<key>2678A57C1B7E4BB4000CF85A</key>
		<dict>
			<key>children</key>
			<array>
				<string>26FD9E641C0A453800BF9EFD</string>
				<string>26FD9E611C0A3D0200BF9EFD</string>
				<string>26FD9E601C0A3CF200BF9EFD</string>
				<string>2678A57F1B7E4BB4000CF85A</string>
				<string>2678B0431C39CBA800136507</string>
				<string>2678A5851B7E4BB4000CF85A</string>
				<string>2678A5881B7E4BB4000CF85A</string>
				<string>2678A58A1B7E4BB4000CF85A</string>
				<string>2678A57D1B7E4BB4000CF85A</string>
			</array>
			<key>isa</key>
			<string>PBXGroup</string>
			<key>path</key>
			<string>BreakOut</string>
			<key>sourceTree</key>
			<string>&lt;group&gt;</string>
		</dict>
		<key>2678A57D1B7E4BB4000CF85A</key>
		<dict>
			<key>children</key>
			<array>
				<string>265DEB631BAC48B90076F222</string>
				<string>2678A57E1B7E4BB4000CF85A</string>
				<string>61D0BE7D1CD6B3D50069DAEC</string>
				<string>265DEB671BAC59190076F222</string>
				<string>26FD9E701C0BAEF100BF9EFD</string>
				<string>26985F1C1C42974D00C5FA0C</string>
				<string>269AADC71C9483E10034F32C</string>
			</array>
			<key>isa</key>
			<string>PBXGroup</string>
			<key>name</key>
			<string>Supporting Files</string>
			<key>sourceTree</key>
			<string>&lt;group&gt;</string>
		</dict>
		<key>2678A57E1B7E4BB4000CF85A</key>
		<dict>
			<key>isa</key>
			<string>PBXFileReference</string>
			<key>lastKnownFileType</key>
			<string>text.plist.xml</string>
			<key>path</key>
			<string>Info.plist</string>
			<key>sourceTree</key>
			<string>&lt;group&gt;</string>
		</dict>
		<key>2678A57F1B7E4BB4000CF85A</key>
		<dict>
			<key>isa</key>
			<string>PBXFileReference</string>
			<key>lastKnownFileType</key>
			<string>sourcecode.swift</string>
			<key>path</key>
			<string>AppDelegate.swift</string>
			<key>sourceTree</key>
			<string>&lt;group&gt;</string>
		</dict>
		<key>2678A5801B7E4BB4000CF85A</key>
		<dict>
			<key>fileRef</key>
			<string>2678A57F1B7E4BB4000CF85A</string>
			<key>isa</key>
			<string>PBXBuildFile</string>
		</dict>
		<key>2678A5811B7E4BB4000CF85A</key>
		<dict>
			<key>isa</key>
			<string>PBXFileReference</string>
			<key>lastKnownFileType</key>
			<string>sourcecode.swift</string>
			<key>path</key>
			<string>FirstViewController.swift</string>
			<key>sourceTree</key>
			<string>&lt;group&gt;</string>
		</dict>
		<key>2678A5821B7E4BB4000CF85A</key>
		<dict>
			<key>fileRef</key>
			<string>2678A5811B7E4BB4000CF85A</string>
			<key>isa</key>
			<string>PBXBuildFile</string>
		</dict>
		<key>2678A5831B7E4BB4000CF85A</key>
		<dict>
			<key>isa</key>
			<string>PBXFileReference</string>
			<key>lastKnownFileType</key>
			<string>sourcecode.swift</string>
			<key>path</key>
			<string>AboutBreakOutViewController.swift</string>
			<key>sourceTree</key>
			<string>&lt;group&gt;</string>
		</dict>
		<key>2678A5841B7E4BB4000CF85A</key>
		<dict>
			<key>fileRef</key>
			<string>2678A5831B7E4BB4000CF85A</string>
			<key>isa</key>
			<string>PBXBuildFile</string>
		</dict>
		<key>2678A5851B7E4BB4000CF85A</key>
		<dict>
			<key>children</key>
			<array>
				<string>2678A5861B7E4BB4000CF85A</string>
				<string>26985F181C42973D00C5FA0C</string>
			</array>
			<key>isa</key>
			<string>PBXVariantGroup</string>
			<key>name</key>
			<string>Main.storyboard</string>
			<key>sourceTree</key>
			<string>&lt;group&gt;</string>
		</dict>
		<key>2678A5861B7E4BB4000CF85A</key>
		<dict>
			<key>isa</key>
			<string>PBXFileReference</string>
			<key>lastKnownFileType</key>
			<string>file.storyboard</string>
			<key>name</key>
			<string>Base</string>
			<key>path</key>
			<string>Base.lproj/Main.storyboard</string>
			<key>sourceTree</key>
			<string>&lt;group&gt;</string>
		</dict>
		<key>2678A5871B7E4BB4000CF85A</key>
		<dict>
			<key>fileRef</key>
			<string>2678A5851B7E4BB4000CF85A</string>
			<key>isa</key>
			<string>PBXBuildFile</string>
		</dict>
		<key>2678A5881B7E4BB4000CF85A</key>
		<dict>
			<key>isa</key>
			<string>PBXFileReference</string>
			<key>lastKnownFileType</key>
			<string>folder.assetcatalog</string>
			<key>path</key>
			<string>Images.xcassets</string>
			<key>sourceTree</key>
			<string>&lt;group&gt;</string>
		</dict>
		<key>2678A5891B7E4BB4000CF85A</key>
		<dict>
			<key>fileRef</key>
			<string>2678A5881B7E4BB4000CF85A</string>
			<key>isa</key>
			<string>PBXBuildFile</string>
		</dict>
		<key>2678A58A1B7E4BB4000CF85A</key>
		<dict>
			<key>children</key>
			<array>
				<string>2678A58B1B7E4BB4000CF85A</string>
				<string>26985F191C42973D00C5FA0C</string>
			</array>
			<key>isa</key>
			<string>PBXVariantGroup</string>
			<key>name</key>
			<string>LaunchScreen.xib</string>
			<key>sourceTree</key>
			<string>&lt;group&gt;</string>
		</dict>
		<key>2678A58B1B7E4BB4000CF85A</key>
		<dict>
			<key>isa</key>
			<string>PBXFileReference</string>
			<key>lastKnownFileType</key>
			<string>file.xib</string>
			<key>name</key>
			<string>Base</string>
			<key>path</key>
			<string>Base.lproj/LaunchScreen.xib</string>
			<key>sourceTree</key>
			<string>&lt;group&gt;</string>
		</dict>
		<key>2678A58C1B7E4BB4000CF85A</key>
		<dict>
			<key>fileRef</key>
			<string>2678A58A1B7E4BB4000CF85A</string>
			<key>isa</key>
			<string>PBXBuildFile</string>
		</dict>
		<key>2678A58D1B7E4BB4000CF85A</key>
		<dict>
			<key>buildActionMask</key>
			<string>2147483647</string>
			<key>files</key>
			<array>
				<string>2678A5981B7E4BB4000CF85A</string>
			</array>
			<key>isa</key>
			<string>PBXSourcesBuildPhase</string>
			<key>runOnlyForDeploymentPostprocessing</key>
			<string>0</string>
		</dict>
		<key>2678A58E1B7E4BB4000CF85A</key>
		<dict>
			<key>buildActionMask</key>
			<string>2147483647</string>
			<key>files</key>
			<array/>
			<key>isa</key>
			<string>PBXFrameworksBuildPhase</string>
			<key>runOnlyForDeploymentPostprocessing</key>
			<string>0</string>
		</dict>
		<key>2678A58F1B7E4BB4000CF85A</key>
		<dict>
			<key>buildActionMask</key>
			<string>2147483647</string>
			<key>files</key>
			<array/>
			<key>isa</key>
			<string>PBXResourcesBuildPhase</string>
			<key>runOnlyForDeploymentPostprocessing</key>
			<string>0</string>
		</dict>
		<key>2678A5901B7E4BB4000CF85A</key>
		<dict>
			<key>buildConfigurationList</key>
			<string>2678A59E1B7E4BB4000CF85A</string>
			<key>buildPhases</key>
			<array>
				<string>2678A58D1B7E4BB4000CF85A</string>
				<string>2678A58E1B7E4BB4000CF85A</string>
				<string>2678A58F1B7E4BB4000CF85A</string>
			</array>
			<key>buildRules</key>
			<array/>
			<key>dependencies</key>
			<array>
				<string>2678A5931B7E4BB4000CF85A</string>
			</array>
			<key>isa</key>
			<string>PBXNativeTarget</string>
			<key>name</key>
			<string>BreakOutTests</string>
			<key>productName</key>
			<string>BreakOutTests</string>
			<key>productReference</key>
			<string>2678A5911B7E4BB4000CF85A</string>
			<key>productType</key>
			<string>com.apple.product-type.bundle.unit-test</string>
		</dict>
		<key>2678A5911B7E4BB4000CF85A</key>
		<dict>
			<key>explicitFileType</key>
			<string>wrapper.cfbundle</string>
			<key>includeInIndex</key>
			<string>0</string>
			<key>isa</key>
			<string>PBXFileReference</string>
			<key>path</key>
			<string>BreakOutTests.xctest</string>
			<key>sourceTree</key>
			<string>BUILT_PRODUCTS_DIR</string>
		</dict>
		<key>2678A5921B7E4BB4000CF85A</key>
		<dict>
			<key>containerPortal</key>
			<string>2678A5721B7E4BB4000CF85A</string>
			<key>isa</key>
			<string>PBXContainerItemProxy</string>
			<key>proxyType</key>
			<string>1</string>
			<key>remoteGlobalIDString</key>
			<string>2678A5791B7E4BB4000CF85A</string>
			<key>remoteInfo</key>
			<string>BreakOut</string>
		</dict>
		<key>2678A5931B7E4BB4000CF85A</key>
		<dict>
			<key>isa</key>
			<string>PBXTargetDependency</string>
			<key>target</key>
			<string>2678A5791B7E4BB4000CF85A</string>
			<key>targetProxy</key>
			<string>2678A5921B7E4BB4000CF85A</string>
		</dict>
		<key>2678A5941B7E4BB4000CF85A</key>
		<dict>
			<key>children</key>
			<array>
				<string>2678A5971B7E4BB4000CF85A</string>
				<string>2678A5951B7E4BB4000CF85A</string>
			</array>
			<key>isa</key>
			<string>PBXGroup</string>
			<key>path</key>
			<string>BreakOutTests</string>
			<key>sourceTree</key>
			<string>&lt;group&gt;</string>
		</dict>
		<key>2678A5951B7E4BB4000CF85A</key>
		<dict>
			<key>children</key>
			<array>
				<string>2678A5961B7E4BB4000CF85A</string>
			</array>
			<key>isa</key>
			<string>PBXGroup</string>
			<key>name</key>
			<string>Supporting Files</string>
			<key>sourceTree</key>
			<string>&lt;group&gt;</string>
		</dict>
		<key>2678A5961B7E4BB4000CF85A</key>
		<dict>
			<key>isa</key>
			<string>PBXFileReference</string>
			<key>lastKnownFileType</key>
			<string>text.plist.xml</string>
			<key>path</key>
			<string>Info.plist</string>
			<key>sourceTree</key>
			<string>&lt;group&gt;</string>
		</dict>
		<key>2678A5971B7E4BB4000CF85A</key>
		<dict>
			<key>isa</key>
			<string>PBXFileReference</string>
			<key>lastKnownFileType</key>
			<string>sourcecode.swift</string>
			<key>path</key>
			<string>BreakOutTests.swift</string>
			<key>sourceTree</key>
			<string>&lt;group&gt;</string>
		</dict>
		<key>2678A5981B7E4BB4000CF85A</key>
		<dict>
			<key>fileRef</key>
			<string>2678A5971B7E4BB4000CF85A</string>
			<key>isa</key>
			<string>PBXBuildFile</string>
		</dict>
		<key>2678A5991B7E4BB4000CF85A</key>
		<dict>
			<key>buildSettings</key>
			<dict>
				<key>ALWAYS_SEARCH_USER_PATHS</key>
				<string>NO</string>
				<key>CLANG_CXX_LANGUAGE_STANDARD</key>
				<string>gnu++0x</string>
				<key>CLANG_CXX_LIBRARY</key>
				<string>libc++</string>
				<key>CLANG_ENABLE_MODULES</key>
				<string>YES</string>
				<key>CLANG_ENABLE_OBJC_ARC</key>
				<string>YES</string>
				<key>CLANG_WARN_BOOL_CONVERSION</key>
				<string>YES</string>
				<key>CLANG_WARN_CONSTANT_CONVERSION</key>
				<string>YES</string>
				<key>CLANG_WARN_DIRECT_OBJC_ISA_USAGE</key>
				<string>YES_ERROR</string>
				<key>CLANG_WARN_EMPTY_BODY</key>
				<string>YES</string>
				<key>CLANG_WARN_ENUM_CONVERSION</key>
				<string>YES</string>
				<key>CLANG_WARN_INT_CONVERSION</key>
				<string>YES</string>
				<key>CLANG_WARN_OBJC_ROOT_CLASS</key>
				<string>YES_ERROR</string>
				<key>CLANG_WARN_UNREACHABLE_CODE</key>
				<string>YES</string>
				<key>CLANG_WARN__DUPLICATE_METHOD_MATCH</key>
				<string>YES</string>
				<key>CODE_SIGN_IDENTITY[sdk=iphoneos*]</key>
				<string>iPhone Developer</string>
				<key>COPY_PHASE_STRIP</key>
				<string>NO</string>
				<key>DEBUG_INFORMATION_FORMAT</key>
				<string>dwarf-with-dsym</string>
				<key>ENABLE_STRICT_OBJC_MSGSEND</key>
				<string>YES</string>
				<key>ENABLE_TESTABILITY</key>
				<string>YES</string>
				<key>GCC_C_LANGUAGE_STANDARD</key>
				<string>gnu99</string>
				<key>GCC_DYNAMIC_NO_PIC</key>
				<string>NO</string>
				<key>GCC_NO_COMMON_BLOCKS</key>
				<string>YES</string>
				<key>GCC_OPTIMIZATION_LEVEL</key>
				<string>0</string>
				<key>GCC_PREPROCESSOR_DEFINITIONS</key>
				<array>
					<string>DEBUG=1</string>
					<string>$(inherited)</string>
				</array>
				<key>GCC_SYMBOLS_PRIVATE_EXTERN</key>
				<string>NO</string>
				<key>GCC_WARN_64_TO_32_BIT_CONVERSION</key>
				<string>YES</string>
				<key>GCC_WARN_ABOUT_RETURN_TYPE</key>
				<string>YES_ERROR</string>
				<key>GCC_WARN_UNDECLARED_SELECTOR</key>
				<string>YES</string>
				<key>GCC_WARN_UNINITIALIZED_AUTOS</key>
				<string>YES_AGGRESSIVE</string>
				<key>GCC_WARN_UNUSED_FUNCTION</key>
				<string>YES</string>
				<key>GCC_WARN_UNUSED_VARIABLE</key>
				<string>YES</string>
				<key>IPHONEOS_DEPLOYMENT_TARGET</key>
				<string>8.0</string>
				<key>MTL_ENABLE_DEBUG_INFO</key>
				<string>YES</string>
				<key>ONLY_ACTIVE_ARCH</key>
				<string>YES</string>
				<key>SDKROOT</key>
				<string>iphoneos</string>
				<key>SWIFT_OPTIMIZATION_LEVEL</key>
				<string>-Onone</string>
				<key>TARGETED_DEVICE_FAMILY</key>
				<string>1,2</string>
			</dict>
			<key>isa</key>
			<string>XCBuildConfiguration</string>
			<key>name</key>
			<string>Debug</string>
		</dict>
		<key>2678A59A1B7E4BB4000CF85A</key>
		<dict>
			<key>buildSettings</key>
			<dict>
				<key>ALWAYS_SEARCH_USER_PATHS</key>
				<string>NO</string>
				<key>CLANG_CXX_LANGUAGE_STANDARD</key>
				<string>gnu++0x</string>
				<key>CLANG_CXX_LIBRARY</key>
				<string>libc++</string>
				<key>CLANG_ENABLE_MODULES</key>
				<string>YES</string>
				<key>CLANG_ENABLE_OBJC_ARC</key>
				<string>YES</string>
				<key>CLANG_WARN_BOOL_CONVERSION</key>
				<string>YES</string>
				<key>CLANG_WARN_CONSTANT_CONVERSION</key>
				<string>YES</string>
				<key>CLANG_WARN_DIRECT_OBJC_ISA_USAGE</key>
				<string>YES_ERROR</string>
				<key>CLANG_WARN_EMPTY_BODY</key>
				<string>YES</string>
				<key>CLANG_WARN_ENUM_CONVERSION</key>
				<string>YES</string>
				<key>CLANG_WARN_INT_CONVERSION</key>
				<string>YES</string>
				<key>CLANG_WARN_OBJC_ROOT_CLASS</key>
				<string>YES_ERROR</string>
				<key>CLANG_WARN_UNREACHABLE_CODE</key>
				<string>YES</string>
				<key>CLANG_WARN__DUPLICATE_METHOD_MATCH</key>
				<string>YES</string>
				<key>CODE_SIGN_IDENTITY[sdk=iphoneos*]</key>
				<string>iPhone Developer</string>
				<key>COPY_PHASE_STRIP</key>
				<string>NO</string>
				<key>DEBUG_INFORMATION_FORMAT</key>
				<string>dwarf-with-dsym</string>
				<key>ENABLE_NS_ASSERTIONS</key>
				<string>NO</string>
				<key>ENABLE_STRICT_OBJC_MSGSEND</key>
				<string>YES</string>
				<key>GCC_C_LANGUAGE_STANDARD</key>
				<string>gnu99</string>
				<key>GCC_NO_COMMON_BLOCKS</key>
				<string>YES</string>
				<key>GCC_WARN_64_TO_32_BIT_CONVERSION</key>
				<string>YES</string>
				<key>GCC_WARN_ABOUT_RETURN_TYPE</key>
				<string>YES_ERROR</string>
				<key>GCC_WARN_UNDECLARED_SELECTOR</key>
				<string>YES</string>
				<key>GCC_WARN_UNINITIALIZED_AUTOS</key>
				<string>YES_AGGRESSIVE</string>
				<key>GCC_WARN_UNUSED_FUNCTION</key>
				<string>YES</string>
				<key>GCC_WARN_UNUSED_VARIABLE</key>
				<string>YES</string>
				<key>IPHONEOS_DEPLOYMENT_TARGET</key>
				<string>8.0</string>
				<key>MTL_ENABLE_DEBUG_INFO</key>
				<string>NO</string>
				<key>SDKROOT</key>
				<string>iphoneos</string>
				<key>TARGETED_DEVICE_FAMILY</key>
				<string>1,2</string>
				<key>VALIDATE_PRODUCT</key>
				<string>YES</string>
			</dict>
			<key>isa</key>
			<string>XCBuildConfiguration</string>
			<key>name</key>
			<string>Release</string>
		</dict>
		<key>2678A59B1B7E4BB4000CF85A</key>
		<dict>
			<key>buildConfigurations</key>
			<array>
				<string>2678A59C1B7E4BB4000CF85A</string>
				<string>2678A59D1B7E4BB4000CF85A</string>
			</array>
			<key>defaultConfigurationIsVisible</key>
			<string>0</string>
			<key>defaultConfigurationName</key>
			<string>Release</string>
			<key>isa</key>
			<string>XCConfigurationList</string>
		</dict>
		<key>2678A59C1B7E4BB4000CF85A</key>
		<dict>
			<key>baseConfigurationReference</key>
			<string>32322E0A3DB8D6518474EEBF</string>
			<key>buildSettings</key>
			<dict>
				<key>ASSETCATALOG_COMPILER_APPICON_NAME</key>
				<string>AppIcon</string>
				<key>CODE_SIGN_IDENTITY</key>
				<string>iPhone Developer</string>
				<key>CODE_SIGN_IDENTITY[sdk=iphoneos*]</key>
				<string>iPhone Developer</string>
				<key>INFOPLIST_FILE</key>
				<string>BreakOut/Info.plist</string>
				<key>IPHONEOS_DEPLOYMENT_TARGET</key>
				<string>8.4</string>
				<key>LD_RUNPATH_SEARCH_PATHS</key>
				<string>$(inherited) @executable_path/Frameworks</string>
				<key>OTHER_SWIFT_FLAGS</key>
				<string>$(inherited) "-D" "COCOAPODS"</string>
				<key>OTHER_SWIFT_FLAGS[arch=*]</key>
				<string>-DDEBUG</string>
				<key>PRODUCT_BUNDLE_IDENTIFIER</key>
				<string>com.breakout.$(PRODUCT_NAME:rfc1034identifier)</string>
				<key>PRODUCT_NAME</key>
				<string>$(TARGET_NAME)</string>
				<key>PROVISIONING_PROFILE</key>
				<string></string>
				<key>SWIFT_OBJC_BRIDGING_HEADER</key>
				<string>BreakOut/bridging-header.h</string>
			</dict>
			<key>isa</key>
			<string>XCBuildConfiguration</string>
			<key>name</key>
			<string>Debug</string>
		</dict>
		<key>2678A59D1B7E4BB4000CF85A</key>
		<dict>
			<key>baseConfigurationReference</key>
			<string>1D88FB97BC82D591897E3E20</string>
			<key>buildSettings</key>
			<dict>
				<key>ASSETCATALOG_COMPILER_APPICON_NAME</key>
				<string>AppIcon</string>
				<key>CODE_SIGN_IDENTITY</key>
				<string>iPhone Developer</string>
				<key>CODE_SIGN_IDENTITY[sdk=iphoneos*]</key>
				<string>iPhone Developer</string>
				<key>INFOPLIST_FILE</key>
				<string>BreakOut/Info.plist</string>
				<key>IPHONEOS_DEPLOYMENT_TARGET</key>
				<string>8.4</string>
				<key>LD_RUNPATH_SEARCH_PATHS</key>
				<string>$(inherited) @executable_path/Frameworks</string>
				<key>PRODUCT_BUNDLE_IDENTIFIER</key>
				<string>com.breakout.$(PRODUCT_NAME:rfc1034identifier)</string>
				<key>PRODUCT_NAME</key>
				<string>$(TARGET_NAME)</string>
				<key>PROVISIONING_PROFILE</key>
				<string></string>
				<key>SWIFT_OBJC_BRIDGING_HEADER</key>
				<string>BreakOut/bridging-header.h</string>
			</dict>
			<key>isa</key>
			<string>XCBuildConfiguration</string>
			<key>name</key>
			<string>Release</string>
		</dict>
		<key>2678A59E1B7E4BB4000CF85A</key>
		<dict>
			<key>buildConfigurations</key>
			<array>
				<string>2678A59F1B7E4BB4000CF85A</string>
				<string>2678A5A01B7E4BB4000CF85A</string>
			</array>
			<key>defaultConfigurationIsVisible</key>
			<string>0</string>
			<key>defaultConfigurationName</key>
			<string>Release</string>
			<key>isa</key>
			<string>XCConfigurationList</string>
		</dict>
		<key>2678A59F1B7E4BB4000CF85A</key>
		<dict>
			<key>buildSettings</key>
			<dict>
				<key>BUNDLE_LOADER</key>
				<string>$(TEST_HOST)</string>
				<key>FRAMEWORK_SEARCH_PATHS</key>
				<array>
					<string>$(SDKROOT)/Developer/Library/Frameworks</string>
					<string>$(inherited)</string>
				</array>
				<key>GCC_PREPROCESSOR_DEFINITIONS</key>
				<array>
					<string>DEBUG=1</string>
					<string>$(inherited)</string>
				</array>
				<key>INFOPLIST_FILE</key>
				<string>BreakOutTests/Info.plist</string>
				<key>LD_RUNPATH_SEARCH_PATHS</key>
				<string>$(inherited) @executable_path/Frameworks @loader_path/Frameworks</string>
				<key>PRODUCT_BUNDLE_IDENTIFIER</key>
				<string>com.breakout.$(PRODUCT_NAME:rfc1034identifier)</string>
				<key>PRODUCT_NAME</key>
				<string>$(TARGET_NAME)</string>
				<key>TEST_HOST</key>
				<string>$(BUILT_PRODUCTS_DIR)/BreakOut.app/BreakOut</string>
			</dict>
			<key>isa</key>
			<string>XCBuildConfiguration</string>
			<key>name</key>
			<string>Debug</string>
		</dict>
		<key>2678A5A01B7E4BB4000CF85A</key>
		<dict>
			<key>buildSettings</key>
			<dict>
				<key>BUNDLE_LOADER</key>
				<string>$(TEST_HOST)</string>
				<key>FRAMEWORK_SEARCH_PATHS</key>
				<array>
					<string>$(SDKROOT)/Developer/Library/Frameworks</string>
					<string>$(inherited)</string>
				</array>
				<key>INFOPLIST_FILE</key>
				<string>BreakOutTests/Info.plist</string>
				<key>LD_RUNPATH_SEARCH_PATHS</key>
				<string>$(inherited) @executable_path/Frameworks @loader_path/Frameworks</string>
				<key>PRODUCT_BUNDLE_IDENTIFIER</key>
				<string>com.breakout.$(PRODUCT_NAME:rfc1034identifier)</string>
				<key>PRODUCT_NAME</key>
				<string>$(TARGET_NAME)</string>
				<key>TEST_HOST</key>
				<string>$(BUILT_PRODUCTS_DIR)/BreakOut.app/BreakOut</string>
			</dict>
			<key>isa</key>
			<string>XCBuildConfiguration</string>
			<key>name</key>
			<string>Release</string>
		</dict>
		<key>2678A5A11B7F3B2D000CF85A</key>
		<dict>
			<key>isa</key>
			<string>PBXFileReference</string>
			<key>lastKnownFileType</key>
			<string>wrapper.framework</string>
			<key>name</key>
			<string>MapKit.framework</string>
			<key>path</key>
			<string>System/Library/Frameworks/MapKit.framework</string>
			<key>sourceTree</key>
			<string>SDKROOT</string>
		</dict>
		<key>2678A5A21B7F3B2D000CF85A</key>
		<dict>
			<key>fileRef</key>
			<string>2678A5A11B7F3B2D000CF85A</string>
			<key>isa</key>
			<string>PBXBuildFile</string>
		</dict>
		<key>2678B0431C39CBA800136507</key>
		<dict>
			<key>fileEncoding</key>
			<string>4</string>
			<key>isa</key>
			<string>PBXFileReference</string>
			<key>lastKnownFileType</key>
			<string>sourcecode.swift</string>
			<key>path</key>
			<string>ContainerViewController.swift</string>
			<key>sourceTree</key>
			<string>&lt;group&gt;</string>
		</dict>
		<key>2678B0441C39CBA800136507</key>
		<dict>
			<key>fileRef</key>
			<string>2678B0431C39CBA800136507</string>
			<key>isa</key>
			<string>PBXBuildFile</string>
		</dict>
		<key>2688FD0B1BAC5D7200D2E676</key>
		<dict>
			<key>buildActionMask</key>
			<string>2147483647</string>
			<key>files</key>
			<array/>
			<key>inputPaths</key>
			<array/>
			<key>isa</key>
			<string>PBXShellScriptBuildPhase</string>
			<key>outputPaths</key>
			<array/>
			<key>runOnlyForDeploymentPostprocessing</key>
			<string>0</string>
			<key>shellPath</key>
			<string>/bin/sh</string>
			<key>shellScript</key>
			<string>"${PODS_ROOT}/Fabric/Fabric.framework/run" 8251b9412f257f19bbc1ed54af4ce1b4f1f3d321 04cc2c378999b8ef6db6c266795a0a104f895b29022d3583e2b0346cf84af8c4</string>
		</dict>
		<key>26985F141C428EAB00C5FA0C</key>
		<dict>
			<key>fileEncoding</key>
			<string>4</string>
			<key>isa</key>
			<string>PBXFileReference</string>
			<key>lastKnownFileType</key>
			<string>sourcecode.swift</string>
			<key>name</key>
			<string>BecomeParticipantTableViewController.swift</string>
			<key>path</key>
			<string>Screens/BecomeParticipantTableViewController.swift</string>
			<key>sourceTree</key>
			<string>&lt;group&gt;</string>
		</dict>
		<key>26985F151C428EAB00C5FA0C</key>
		<dict>
			<key>fileRef</key>
			<string>26985F141C428EAB00C5FA0C</string>
			<key>isa</key>
			<string>PBXBuildFile</string>
		</dict>
		<key>26985F181C42973D00C5FA0C</key>
		<dict>
			<key>isa</key>
			<string>PBXFileReference</string>
			<key>lastKnownFileType</key>
			<string>text.plist.strings</string>
			<key>name</key>
			<string>de</string>
			<key>path</key>
			<string>de.lproj/Main.strings</string>
			<key>sourceTree</key>
			<string>&lt;group&gt;</string>
		</dict>
		<key>26985F191C42973D00C5FA0C</key>
		<dict>
			<key>isa</key>
			<string>PBXFileReference</string>
			<key>lastKnownFileType</key>
			<string>text.plist.strings</string>
			<key>name</key>
			<string>de</string>
			<key>path</key>
			<string>de.lproj/LaunchScreen.strings</string>
			<key>sourceTree</key>
			<string>&lt;group&gt;</string>
		</dict>
		<key>26985F1A1C42974D00C5FA0C</key>
		<dict>
			<key>fileRef</key>
			<string>26985F1C1C42974D00C5FA0C</string>
			<key>isa</key>
			<string>PBXBuildFile</string>
		</dict>
		<key>26985F1C1C42974D00C5FA0C</key>
		<dict>
			<key>children</key>
			<array>
				<string>26985F1E1C42975300C5FA0C</string>
				<string>26985F1F1C42976900C5FA0C</string>
			</array>
			<key>isa</key>
			<string>PBXVariantGroup</string>
			<key>name</key>
			<string>Localizable.strings</string>
			<key>sourceTree</key>
			<string>&lt;group&gt;</string>
		</dict>
		<key>26985F1E1C42975300C5FA0C</key>
		<dict>
			<key>isa</key>
			<string>PBXFileReference</string>
			<key>lastKnownFileType</key>
			<string>text.plist.strings</string>
			<key>name</key>
			<string>de</string>
			<key>path</key>
			<string>de.lproj/Localizable.strings</string>
			<key>sourceTree</key>
			<string>&lt;group&gt;</string>
		</dict>
		<key>26985F1F1C42976900C5FA0C</key>
		<dict>
			<key>isa</key>
			<string>PBXFileReference</string>
			<key>lastKnownFileType</key>
			<string>text.plist.strings</string>
			<key>name</key>
			<string>en</string>
			<key>path</key>
			<string>en.lproj/Localizable.strings</string>
			<key>sourceTree</key>
			<string>&lt;group&gt;</string>
		</dict>
		<key>26985F2C1C4301A600C5FA0C</key>
		<dict>
			<key>fileEncoding</key>
			<string>4</string>
			<key>isa</key>
			<string>PBXFileReference</string>
			<key>lastKnownFileType</key>
			<string>sourcecode.swift</string>
			<key>path</key>
			<string>CurrentUser.swift</string>
			<key>sourceTree</key>
			<string>&lt;group&gt;</string>
		</dict>
		<key>26985F2D1C4301A600C5FA0C</key>
		<dict>
			<key>fileRef</key>
			<string>26985F2C1C4301A600C5FA0C</string>
			<key>isa</key>
			<string>PBXBuildFile</string>
		</dict>
		<key>269AADC51C936C2C0034F32C</key>
		<dict>
			<key>fileEncoding</key>
			<string>4</string>
			<key>isa</key>
			<string>PBXFileReference</string>
			<key>lastKnownFileType</key>
			<string>sourcecode.swift</string>
			<key>name</key>
			<string>BONetworkIndicator.swift</string>
			<key>path</key>
			<string>Core/BONetworkIndicator.swift</string>
			<key>sourceTree</key>
			<string>&lt;group&gt;</string>
		</dict>
		<key>269AADC61C936C2C0034F32C</key>
		<dict>
			<key>fileRef</key>
			<string>269AADC51C936C2C0034F32C</string>
			<key>isa</key>
			<string>PBXBuildFile</string>
		</dict>
		<key>269AADC71C9483E10034F32C</key>
		<dict>
			<key>fileEncoding</key>
			<string>4</string>
			<key>isa</key>
			<string>PBXFileReference</string>
			<key>lastKnownFileType</key>
			<string>sourcecode.swift</string>
			<key>path</key>
			<string>Constants.swift</string>
			<key>sourceTree</key>
			<string>&lt;group&gt;</string>
		</dict>
		<key>269AADC81C9483E10034F32C</key>
		<dict>
			<key>fileRef</key>
			<string>269AADC71C9483E10034F32C</string>
			<key>isa</key>
			<string>PBXBuildFile</string>
		</dict>
		<key>26AA75221C81CFA80023D009</key>
		<dict>
			<key>fileEncoding</key>
			<string>4</string>
			<key>isa</key>
			<string>PBXFileReference</string>
			<key>lastKnownFileType</key>
			<string>sourcecode.swift</string>
			<key>name</key>
			<string>BOPopoverViewController.swift</string>
			<key>path</key>
			<string>Screens/BOPopoverViewController.swift</string>
			<key>sourceTree</key>
			<string>&lt;group&gt;</string>
		</dict>
		<key>26AA75231C81CFA80023D009</key>
		<dict>
			<key>fileRef</key>
			<string>26AA75221C81CFA80023D009</string>
			<key>isa</key>
			<string>PBXBuildFile</string>
		</dict>
		<key>26AA75241C8318A20023D009</key>
		<dict>
			<key>fileEncoding</key>
			<string>4</string>
			<key>isa</key>
			<string>PBXFileReference</string>
			<key>lastKnownFileType</key>
			<string>sourcecode.swift</string>
			<key>name</key>
			<string>CreateTeamTableViewController.swift</string>
			<key>path</key>
			<string>Screens/CreateTeamTableViewController.swift</string>
			<key>sourceTree</key>
			<string>&lt;group&gt;</string>
		</dict>
		<key>26AA75251C8318A20023D009</key>
		<dict>
			<key>fileRef</key>
			<string>26AA75241C8318A20023D009</string>
			<key>isa</key>
			<string>PBXBuildFile</string>
		</dict>
		<key>26BB1E891C3F082C00871024</key>
		<dict>
			<key>fileEncoding</key>
			<string>4</string>
			<key>isa</key>
			<string>PBXFileReference</string>
			<key>lastKnownFileType</key>
			<string>sourcecode.swift</string>
			<key>name</key>
			<string>SidebarMenuTableViewController.swift</string>
			<key>path</key>
			<string>Screens/SidebarMenuTableViewController.swift</string>
			<key>sourceTree</key>
			<string>&lt;group&gt;</string>
		</dict>
		<key>26BB1E8A1C3F082C00871024</key>
		<dict>
			<key>fileRef</key>
			<string>26BB1E891C3F082C00871024</string>
			<key>isa</key>
			<string>PBXBuildFile</string>
		</dict>
		<key>26DA0DA11C31538A009AB1B7</key>
		<dict>
			<key>fileEncoding</key>
			<string>4</string>
			<key>isa</key>
			<string>PBXFileReference</string>
			<key>lastKnownFileType</key>
			<string>sourcecode.swift</string>
			<key>name</key>
			<string>LoginRegisterViewController.swift</string>
			<key>path</key>
			<string>Screens/LoginRegisterViewController.swift</string>
			<key>sourceTree</key>
			<string>&lt;group&gt;</string>
		</dict>
		<key>26DA0DA21C31538A009AB1B7</key>
		<dict>
			<key>fileRef</key>
			<string>26DA0DA11C31538A009AB1B7</string>
			<key>isa</key>
			<string>PBXBuildFile</string>
		</dict>
		<key>26DA0DA51C31568A009AB1B7</key>
		<dict>
			<key>fileEncoding</key>
			<string>4</string>
			<key>isa</key>
			<string>PBXFileReference</string>
			<key>lastKnownFileType</key>
			<string>sourcecode.swift</string>
			<key>name</key>
			<string>InternalWebViewController.swift</string>
			<key>path</key>
			<string>Screens/InternalWebViewController.swift</string>
			<key>sourceTree</key>
			<string>&lt;group&gt;</string>
		</dict>
		<key>26DA0DA61C31568A009AB1B7</key>
		<dict>
			<key>fileRef</key>
			<string>26DA0DA51C31568A009AB1B7</string>
			<key>isa</key>
			<string>PBXBuildFile</string>
		</dict>
		<key>26DA0DA71C316317009AB1B7</key>
		<dict>
			<key>fileEncoding</key>
			<string>4</string>
			<key>isa</key>
			<string>PBXFileReference</string>
			<key>lastKnownFileType</key>
			<string>sourcecode.swift</string>
			<key>name</key>
			<string>UserProfileTableViewController.swift</string>
			<key>path</key>
			<string>Screens/UserProfileTableViewController.swift</string>
			<key>sourceTree</key>
			<string>&lt;group&gt;</string>
		</dict>
		<key>26DA0DA81C316317009AB1B7</key>
		<dict>
			<key>fileRef</key>
			<string>26DA0DA71C316317009AB1B7</string>
			<key>isa</key>
			<string>PBXBuildFile</string>
		</dict>
		<key>26FD9E581C0A3C7000BF9EFD</key>
		<dict>
			<key>children</key>
			<array>
				<string>26DA0DA11C31538A009AB1B7</string>
			</array>
			<key>isa</key>
			<string>PBXGroup</string>
			<key>name</key>
			<string>Login</string>
			<key>sourceTree</key>
			<string>&lt;group&gt;</string>
		</dict>
		<key>26FD9E591C0A3C7700BF9EFD</key>
		<dict>
			<key>children</key>
			<array>
				<string>61D0BE791CD6B32A0069DAEC</string>
				<string>61D0BE7F1CD6BB670069DAEC</string>
				<string>61E86D781CE77082000CD707</string>
			</array>
			<key>isa</key>
			<string>PBXGroup</string>
			<key>name</key>
			<string>Map</string>
			<key>sourceTree</key>
			<string>&lt;group&gt;</string>
		</dict>
		<key>26FD9E5A1C0A3C8800BF9EFD</key>
		<dict>
			<key>children</key>
			<array>
				<string>2643F5F41CC2B94500031038</string>
				<string>262FA8FA1CCD1BF70094B810</string>
				<string>262FA8FC1CCD1C210094B810</string>
				<string>262955A91CE7898B004D3213</string>
				<string>262955AB1CE789B4004D3213</string>
				<string>262955AD1CE79656004D3213</string>
			</array>
			<key>isa</key>
			<string>PBXGroup</string>
			<key>name</key>
			<string>Posts</string>
			<key>sourceTree</key>
			<string>&lt;group&gt;</string>
		</dict>
		<key>26FD9E5B1C0A3C9C00BF9EFD</key>
		<dict>
			<key>children</key>
			<array/>
			<key>isa</key>
			<string>PBXGroup</string>
			<key>name</key>
			<string>Settings</string>
			<key>sourceTree</key>
			<string>&lt;group&gt;</string>
		</dict>
		<key>26FD9E5C1C0A3CA100BF9EFD</key>
		<dict>
			<key>children</key>
			<array>
				<string>2649F80A1C652AF4005AA763</string>
				<string>2649F80C1C652C15005AA763</string>
			</array>
			<key>isa</key>
			<string>PBXGroup</string>
			<key>name</key>
			<string>Teams</string>
			<key>sourceTree</key>
			<string>&lt;group&gt;</string>
		</dict>
		<key>26FD9E5D1C0A3CC700BF9EFD</key>
		<dict>
			<key>children</key>
			<array/>
			<key>isa</key>
			<string>PBXGroup</string>
			<key>name</key>
			<string>Chat</string>
			<key>sourceTree</key>
			<string>&lt;group&gt;</string>
		</dict>
		<key>26FD9E5E1C0A3CCD00BF9EFD</key>
		<dict>
			<key>children</key>
			<array>
				<string>0EB81A371CD8AF8F00AEBA8C</string>
				<string>0E7EFF351CEDBEFE006ACDA1</string>
				<string>26FD9E651C0B78FF00BF9EFD</string>
				<string>26FD9E6A1C0B9B2D00BF9EFD</string>
				<string>0EB81A391CD8AFE400AEBA8C</string>
			</array>
			<key>isa</key>
			<string>PBXGroup</string>
			<key>name</key>
			<string>Network</string>
			<key>sourceTree</key>
			<string>&lt;group&gt;</string>
		</dict>
		<key>26FD9E5F1C0A3CD700BF9EFD</key>
		<dict>
			<key>children</key>
			<array>
				<string>26FD9E621C0A41C600BF9EFD</string>
				<string>266BFF6D1CC400500004E220</string>
				<string>262FA8FE1CCD5ADA0094B810</string>
				<string>26FD9E671C0B8F0400BF9EFD</string>
			</array>
			<key>isa</key>
			<string>PBXGroup</string>
			<key>name</key>
			<string>Database</string>
			<key>sourceTree</key>
			<string>&lt;group&gt;</string>
		</dict>
		<key>26FD9E601C0A3CF200BF9EFD</key>
		<dict>
			<key>children</key>
			<array>
				<string>26FD9E5F1C0A3CD700BF9EFD</string>
				<string>26FD9E5E1C0A3CCD00BF9EFD</string>
				<string>26FD9E6C1C0B9E3700BF9EFD</string>
				<string>26985F2C1C4301A600C5FA0C</string>
				<string>2601213F1C7892620041EAA8</string>
				<string>260121411C78F6F20041EAA8</string>
				<string>260121491C79039E0041EAA8</string>
				<string>269AADC51C936C2C0034F32C</string>
				<string>6153CCB81CD7FA1900E9CAE6</string>
			</array>
			<key>isa</key>
			<string>PBXGroup</string>
			<key>name</key>
			<string>Core</string>
			<key>sourceTree</key>
			<string>&lt;group&gt;</string>
		</dict>
		<key>26FD9E611C0A3D0200BF9EFD</key>
		<dict>
			<key>children</key>
			<array>
				<string>26FD9E5D1C0A3CC700BF9EFD</string>
				<string>26FD9E5C1C0A3CA100BF9EFD</string>
				<string>26FD9E5B1C0A3C9C00BF9EFD</string>
				<string>26FD9E5A1C0A3C8800BF9EFD</string>
				<string>26FD9E591C0A3C7700BF9EFD</string>
				<string>26FD9E581C0A3C7000BF9EFD</string>
				<string>26DA0DA51C31568A009AB1B7</string>
				<string>26DA0DA71C316317009AB1B7</string>
				<string>262955AF1CE8FABD004D3213</string>
				<string>26985F141C428EAB00C5FA0C</string>
				<string>2646AB431C56BE680082CA71</string>
				<string>26AA75241C8318A20023D009</string>
				<string>263BAE461C63B59900271EF0</string>
				<string>265FF0461C64AB4900176F3B</string>
				<string>26BB1E891C3F082C00871024</string>
				<string>26AA75221C81CFA80023D009</string>
			</array>
			<key>isa</key>
			<string>PBXGroup</string>
			<key>name</key>
			<string>Screens</string>
			<key>sourceTree</key>
			<string>&lt;group&gt;</string>
		</dict>
		<key>26FD9E621C0A41C600BF9EFD</key>
		<dict>
			<key>fileEncoding</key>
			<string>4</string>
			<key>isa</key>
			<string>PBXFileReference</string>
			<key>lastKnownFileType</key>
			<string>sourcecode.swift</string>
			<key>name</key>
			<string>BOPost.swift</string>
			<key>path</key>
			<string>Core/Database/BOPost.swift</string>
			<key>sourceTree</key>
			<string>&lt;group&gt;</string>
		</dict>
		<key>26FD9E631C0A41C600BF9EFD</key>
		<dict>
			<key>fileRef</key>
			<string>26FD9E621C0A41C600BF9EFD</string>
			<key>isa</key>
			<string>PBXBuildFile</string>
		</dict>
		<key>26FD9E641C0A453800BF9EFD</key>
		<dict>
			<key>children</key>
			<array>
				<string>2678A5811B7E4BB4000CF85A</string>
				<string>2678A5831B7E4BB4000CF85A</string>
			</array>
			<key>isa</key>
			<string>PBXGroup</string>
			<key>name</key>
			<string>Tests</string>
			<key>sourceTree</key>
			<string>&lt;group&gt;</string>
		</dict>
		<key>26FD9E651C0B78FF00BF9EFD</key>
		<dict>
			<key>fileEncoding</key>
			<string>4</string>
			<key>isa</key>
			<string>PBXFileReference</string>
			<key>lastKnownFileType</key>
			<string>sourcecode.swift</string>
			<key>name</key>
			<string>BONetworkerTest.swift</string>
			<key>path</key>
			<string>Core/Network/BONetworkerTest.swift</string>
			<key>sourceTree</key>
			<string>&lt;group&gt;</string>
		</dict>
		<key>26FD9E661C0B78FF00BF9EFD</key>
		<dict>
			<key>fileRef</key>
			<string>26FD9E651C0B78FF00BF9EFD</string>
			<key>isa</key>
			<string>PBXBuildFile</string>
		</dict>
		<key>26FD9E671C0B8F0400BF9EFD</key>
		<dict>
			<key>children</key>
			<array>
				<string>26FD9E681C0B8F0400BF9EFD</string>
			</array>
			<key>currentVersion</key>
			<string>26FD9E681C0B8F0400BF9EFD</string>
			<key>isa</key>
			<string>XCVersionGroup</string>
			<key>name</key>
			<string>BODataModel.xcdatamodeld</string>
			<key>path</key>
			<string>Core/Database/BODataModel.xcdatamodeld</string>
			<key>sourceTree</key>
			<string>&lt;group&gt;</string>
			<key>versionGroupType</key>
			<string>wrapper.xcdatamodel</string>
		</dict>
		<key>26FD9E681C0B8F0400BF9EFD</key>
		<dict>
			<key>isa</key>
			<string>PBXFileReference</string>
			<key>lastKnownFileType</key>
			<string>wrapper.xcdatamodel</string>
			<key>path</key>
			<string>BODataModel.xcdatamodel</string>
			<key>sourceTree</key>
			<string>&lt;group&gt;</string>
		</dict>
		<key>26FD9E691C0B8F0400BF9EFD</key>
		<dict>
			<key>fileRef</key>
			<string>26FD9E671C0B8F0400BF9EFD</string>
			<key>isa</key>
			<string>PBXBuildFile</string>
		</dict>
		<key>26FD9E6A1C0B9B2D00BF9EFD</key>
		<dict>
			<key>fileEncoding</key>
			<string>4</string>
			<key>isa</key>
			<string>PBXFileReference</string>
			<key>lastKnownFileType</key>
			<string>sourcecode.swift</string>
			<key>name</key>
			<string>BOSynchronizeController.swift</string>
			<key>path</key>
			<string>Core/Network/BOSynchronizeController.swift</string>
			<key>sourceTree</key>
			<string>&lt;group&gt;</string>
		</dict>
		<key>26FD9E6B1C0B9B2D00BF9EFD</key>
		<dict>
			<key>fileRef</key>
			<string>26FD9E6A1C0B9B2D00BF9EFD</string>
			<key>isa</key>
			<string>PBXBuildFile</string>
		</dict>
		<key>26FD9E6C1C0B9E3700BF9EFD</key>
		<dict>
			<key>fileEncoding</key>
			<string>4</string>
			<key>isa</key>
			<string>PBXFileReference</string>
			<key>lastKnownFileType</key>
			<string>sourcecode.swift</string>
			<key>name</key>
			<string>BOImageController.swift</string>
			<key>path</key>
			<string>Core/BOImageController.swift</string>
			<key>sourceTree</key>
			<string>&lt;group&gt;</string>
		</dict>
		<key>26FD9E6D1C0B9E3700BF9EFD</key>
		<dict>
			<key>fileRef</key>
			<string>26FD9E6C1C0B9E3700BF9EFD</string>
			<key>isa</key>
			<string>PBXBuildFile</string>
		</dict>
		<key>26FD9E701C0BAEF100BF9EFD</key>
		<dict>
			<key>fileEncoding</key>
			<string>4</string>
			<key>isa</key>
			<string>PBXFileReference</string>
			<key>lastKnownFileType</key>
			<string>sourcecode.swift</string>
			<key>path</key>
			<string>StyleInformation.swift</string>
			<key>sourceTree</key>
			<string>&lt;group&gt;</string>
		</dict>
		<key>26FD9E711C0BAEF100BF9EFD</key>
		<dict>
			<key>fileRef</key>
			<string>26FD9E701C0BAEF100BF9EFD</string>
			<key>isa</key>
			<string>PBXBuildFile</string>
		</dict>
		<key>32322E0A3DB8D6518474EEBF</key>
		<dict>
			<key>includeInIndex</key>
			<string>1</string>
			<key>isa</key>
			<string>PBXFileReference</string>
			<key>lastKnownFileType</key>
			<string>text.xcconfig</string>
			<key>name</key>
			<string>Pods-BreakOut.debug.xcconfig</string>
			<key>path</key>
			<string>Pods/Target Support Files/Pods-BreakOut/Pods-BreakOut.debug.xcconfig</string>
			<key>sourceTree</key>
			<string>&lt;group&gt;</string>
		</dict>
		<key>50B4BD7A2C2315AD160F4DF0</key>
		<dict>
			<key>children</key>
			<array>
				<string>32322E0A3DB8D6518474EEBF</string>
				<string>1D88FB97BC82D591897E3E20</string>
			</array>
			<key>isa</key>
			<string>PBXGroup</string>
			<key>name</key>
			<string>Pods</string>
			<key>sourceTree</key>
			<string>&lt;group&gt;</string>
		</dict>
		<key>6153CCB81CD7FA1900E9CAE6</key>
		<dict>
			<key>fileEncoding</key>
			<string>4</string>
			<key>isa</key>
			<string>PBXFileReference</string>
			<key>lastKnownFileType</key>
			<string>sourcecode.swift</string>
			<key>path</key>
			<string>BasicLocationController.swift</string>
			<key>sourceTree</key>
			<string>&lt;group&gt;</string>
		</dict>
		<key>6153CCB91CD7FA1900E9CAE6</key>
		<dict>
			<key>fileRef</key>
			<string>6153CCB81CD7FA1900E9CAE6</string>
			<key>isa</key>
			<string>PBXBuildFile</string>
		</dict>
		<key>61D0BE791CD6B32A0069DAEC</key>
		<dict>
			<key>fileEncoding</key>
			<string>4</string>
			<key>isa</key>
			<string>PBXFileReference</string>
			<key>lastKnownFileType</key>
			<string>sourcecode.swift</string>
			<key>name</key>
			<string>MapViewController.swift</string>
			<key>path</key>
			<string>Screens/MapViewController.swift</string>
			<key>sourceTree</key>
			<string>&lt;group&gt;</string>
		</dict>
		<key>61D0BE7A1CD6B32A0069DAEC</key>
		<dict>
			<key>fileRef</key>
			<string>61D0BE791CD6B32A0069DAEC</string>
			<key>isa</key>
			<string>PBXBuildFile</string>
		</dict>
		<key>61D0BE7D1CD6B3D50069DAEC</key>
		<dict>
			<key>fileEncoding</key>
			<string>4</string>
			<key>isa</key>
			<string>PBXFileReference</string>
			<key>lastKnownFileType</key>
			<string>sourcecode.swift</string>
			<key>path</key>
			<string>PrivateConstants.swift</string>
			<key>sourceTree</key>
			<string>&lt;group&gt;</string>
		</dict>
		<key>61D0BE7E1CD6B3D50069DAEC</key>
		<dict>
			<key>fileRef</key>
			<string>61D0BE7D1CD6B3D50069DAEC</string>
			<key>isa</key>
			<string>PBXBuildFile</string>
		</dict>
		<key>61D0BE7F1CD6BB670069DAEC</key>
		<dict>
			<key>fileEncoding</key>
			<string>4</string>
			<key>isa</key>
			<string>PBXFileReference</string>
			<key>lastKnownFileType</key>
			<string>sourcecode.swift</string>
			<key>path</key>
			<string>User.swift</string>
			<key>sourceTree</key>
			<string>&lt;group&gt;</string>
		</dict>
		<key>61D0BE801CD6BB670069DAEC</key>
		<dict>
			<key>fileRef</key>
			<string>61D0BE7F1CD6BB670069DAEC</string>
			<key>isa</key>
			<string>PBXBuildFile</string>
		</dict>
		<key>61E86D781CE77082000CD707</key>
		<dict>
			<key>fileEncoding</key>
			<string>4</string>
			<key>isa</key>
			<string>PBXFileReference</string>
			<key>lastKnownFileType</key>
			<string>sourcecode.swift</string>
			<key>path</key>
			<string>MapLocation.swift</string>
			<key>sourceTree</key>
			<string>&lt;group&gt;</string>
		</dict>
		<key>61E86D791CE77082000CD707</key>
		<dict>
			<key>fileRef</key>
			<string>61E86D781CE77082000CD707</string>
			<key>isa</key>
			<string>PBXBuildFile</string>
		</dict>
		<key>925517E81773EF32593D7738</key>
		<dict>
			<key>buildActionMask</key>
			<string>2147483647</string>
			<key>files</key>
			<array/>
			<key>inputPaths</key>
			<array/>
			<key>isa</key>
			<string>PBXShellScriptBuildPhase</string>
			<key>name</key>
			<string>Copy Pods Resources</string>
			<key>outputPaths</key>
			<array/>
			<key>runOnlyForDeploymentPostprocessing</key>
			<string>0</string>
			<key>shellPath</key>
			<string>/bin/sh</string>
			<key>shellScript</key>
			<string>"${SRCROOT}/Pods/Target Support Files/Pods-BreakOut/Pods-BreakOut-resources.sh"
</string>
			<key>showEnvVarsInLog</key>
			<string>0</string>
		</dict>
		<key>A22294A936BB11E6CC6AA4B5</key>
		<dict>
			<key>explicitFileType</key>
			<string>wrapper.framework</string>
			<key>includeInIndex</key>
			<string>0</string>
			<key>isa</key>
			<string>PBXFileReference</string>
			<key>path</key>
			<string>Pods_BreakOut.framework</string>
			<key>sourceTree</key>
			<string>BUILT_PRODUCTS_DIR</string>
		</dict>
		<key>B9850BAA8EB84978176AA864</key>
		<dict>
			<key>fileRef</key>
			<string>A22294A936BB11E6CC6AA4B5</string>
			<key>isa</key>
			<string>PBXBuildFile</string>
		</dict>
		<key>F53795D0DEB3AE591117450C</key>
		<dict>
			<key>buildActionMask</key>
			<string>2147483647</string>
			<key>files</key>
			<array/>
			<key>inputPaths</key>
			<array/>
			<key>isa</key>
			<string>PBXShellScriptBuildPhase</string>
			<key>name</key>
			<string>Embed Pods Frameworks</string>
			<key>outputPaths</key>
			<array/>
			<key>runOnlyForDeploymentPostprocessing</key>
			<string>0</string>
			<key>shellPath</key>
			<string>/bin/sh</string>
			<key>shellScript</key>
			<string>"${SRCROOT}/Pods/Target Support Files/Pods-BreakOut/Pods-BreakOut-frameworks.sh"
</string>
			<key>showEnvVarsInLog</key>
			<string>0</string>
		</dict>
	</dict>
	<key>rootObject</key>
	<string>2678A5721B7E4BB4000CF85A</string>
</dict>
</plist>
