// !$*UTF8*$!
{
	archiveVersion = 1;
	classes = {
	};
	objectVersion = 46;
	objects = {

/* Begin PBXBuildFile section */
		0E31C5831E772260008E9C9C /* Settings.bundle in Resources */ = {isa = PBXBuildFile; fileRef = 0E31C5821E772260008E9C9C /* Settings.bundle */; };
		0E31C5851E7747C4008E9C9C /* TeamViewController.swift in Sources */ = {isa = PBXBuildFile; fileRef = 0E31C5841E7747C4008E9C9C /* TeamViewController.swift */; };
		0E3B87DF1E61F7C400C21AB9 /* Post.swift in Sources */ = {isa = PBXBuildFile; fileRef = 0E3B87DE1E61F7C400C21AB9 /* Post.swift */; };
		0E3B87E11E61F7CC00C21AB9 /* Location.swift in Sources */ = {isa = PBXBuildFile; fileRef = 0E3B87E01E61F7CC00C21AB9 /* Location.swift */; };
		0E3B87E31E61F7D600C21AB9 /* Team.swift in Sources */ = {isa = PBXBuildFile; fileRef = 0E3B87E21E61F7D600C21AB9 /* Team.swift */; };
		0E3B87E51E61F7DF00C21AB9 /* Event.swift in Sources */ = {isa = PBXBuildFile; fileRef = 0E3B87E41E61F7DF00C21AB9 /* Event.swift */; };
		0E3B87E71E61F7E700C21AB9 /* Participant.swift in Sources */ = {isa = PBXBuildFile; fileRef = 0E3B87E61E61F7E700C21AB9 /* Participant.swift */; };
		0E3B87E91E61F7F900C21AB9 /* BreakOutEndpoints.swift in Sources */ = {isa = PBXBuildFile; fileRef = 0E3B87E81E61F7F900C21AB9 /* BreakOutEndpoints.swift */; };
		0E3B87EB1E61F81C00C21AB9 /* Image.swift in Sources */ = {isa = PBXBuildFile; fileRef = 0E3B87EA1E61F81C00C21AB9 /* Image.swift */; };
		0E3B87ED1E61F82200C21AB9 /* Video.swift in Sources */ = {isa = PBXBuildFile; fileRef = 0E3B87EC1E61F82200C21AB9 /* Video.swift */; };
		0E3B87EF1E61F82900C21AB9 /* MediaItem.swift in Sources */ = {isa = PBXBuildFile; fileRef = 0E3B87EE1E61F82900C21AB9 /* MediaItem.swift */; };
		0E3B87F21E61F84100C21AB9 /* Comment.swift in Sources */ = {isa = PBXBuildFile; fileRef = 0E3B87F11E61F84100C21AB9 /* Comment.swift */; };
		0E3B87F41E61F85100C21AB9 /* Type.swift in Sources */ = {isa = PBXBuildFile; fileRef = 0E3B87F31E61F85100C21AB9 /* Type.swift */; };
		0E3B87F61E61F88400C21AB9 /* NewMedia.swift in Sources */ = {isa = PBXBuildFile; fileRef = 0E3B87F51E61F88400C21AB9 /* NewMedia.swift */; };
		0E3B87F81E61F8A500C21AB9 /* JSON+BreakOut.swift in Sources */ = {isa = PBXBuildFile; fileRef = 0E3B87F71E61F8A500C21AB9 /* JSON+BreakOut.swift */; };
		0E3B87FA1E61F93900C21AB9 /* NewComment.swift in Sources */ = {isa = PBXBuildFile; fileRef = 0E3B87F91E61F93900C21AB9 /* NewComment.swift */; };
		0E3B87FC1E61F9B100C21AB9 /* Challenge.swift in Sources */ = {isa = PBXBuildFile; fileRef = 0E3B87FB1E61F9B100C21AB9 /* Challenge.swift */; };
		0E6289241E623F7E00EF1FAD /* UploadManager.swift in Sources */ = {isa = PBXBuildFile; fileRef = 0E6289231E623F7E00EF1FAD /* UploadManager.swift */; };
		0E8663361E63A99900B5738D /* NewPost.swift in Sources */ = {isa = PBXBuildFile; fileRef = 0E8663351E63A99900B5738D /* NewPost.swift */; };
		0E8990591E6871E00080E123 /* PersistentViewController.swift in Sources */ = {isa = PBXBuildFile; fileRef = 0E8990581E6871E00080E123 /* PersistentViewController.swift */; };
		0E9A25121E6440F60011082D /* AppDefaults.swift in Sources */ = {isa = PBXBuildFile; fileRef = 0E9A25111E6440F60011082D /* AppDefaults.swift */; };
		0EBE9D5C1E787E0700355E1E /* TeamHeaderView.xib in Resources */ = {isa = PBXBuildFile; fileRef = 0EBE9D5B1E787E0700355E1E /* TeamHeaderView.xib */; };
		0EBE9D5E1E787F6600355E1E /* TeamHeaderView.swift in Sources */ = {isa = PBXBuildFile; fileRef = 0EBE9D5D1E787F6600355E1E /* TeamHeaderView.swift */; };
		0EC3F3FC1E64B7F800908372 /* GenderAPI.swift in Sources */ = {isa = PBXBuildFile; fileRef = 0EC3F3FB1E64B7F800908372 /* GenderAPI.swift */; };
		0EF0FAE61E260A7F0049F878 /* BreakOut.swift in Sources */ = {isa = PBXBuildFile; fileRef = 0EF0FAE51E260A7F0049F878 /* BreakOut.swift */; };
		260121401C7892620041EAA8 /* FeatureFlagManager.swift in Sources */ = {isa = PBXBuildFile; fileRef = 2601213F1C7892620041EAA8 /* FeatureFlagManager.swift */; };
		260121421C78F6F20041EAA8 /* BOToast.swift in Sources */ = {isa = PBXBuildFile; fileRef = 260121411C78F6F20041EAA8 /* BOToast.swift */; };
		260121441C78FD6C0041EAA8 /* Extensions.swift in Sources */ = {isa = PBXBuildFile; fileRef = 260121431C78FD6C0041EAA8 /* Extensions.swift */; };
		260121461C78FE650041EAA8 /* BOImageView.swift in Sources */ = {isa = PBXBuildFile; fileRef = 260121451C78FE650041EAA8 /* BOImageView.swift */; };
		260121481C79008E0041EAA8 /* BOButton.swift in Sources */ = {isa = PBXBuildFile; fileRef = 260121471C79008E0041EAA8 /* BOButton.swift */; };
		262955AA1CE7898B004D3213 /* PostingDetailsTableViewController.swift in Sources */ = {isa = PBXBuildFile; fileRef = 262955A91CE7898B004D3213 /* PostingDetailsTableViewController.swift */; };
		262955AC1CE789B4004D3213 /* PostingCommentTableViewCell.swift in Sources */ = {isa = PBXBuildFile; fileRef = 262955AB1CE789B4004D3213 /* PostingCommentTableViewCell.swift */; };
		262955AE1CE79656004D3213 /* PostingCommentInputTableViewCell.swift in Sources */ = {isa = PBXBuildFile; fileRef = 262955AD1CE79656004D3213 /* PostingCommentInputTableViewCell.swift */; };
		262955B01CE8FABD004D3213 /* HelpTableViewController.swift in Sources */ = {isa = PBXBuildFile; fileRef = 262955AF1CE8FABD004D3213 /* HelpTableViewController.swift */; };
		262FA8FB1CCD1BF70094B810 /* AllPostingsTableViewController.swift in Sources */ = {isa = PBXBuildFile; fileRef = 262FA8FA1CCD1BF70094B810 /* AllPostingsTableViewController.swift */; };
		262FA8FD1CCD1C210094B810 /* PostingTableViewCell.swift in Sources */ = {isa = PBXBuildFile; fileRef = 262FA8FC1CCD1C210094B810 /* PostingTableViewCell.swift */; };
		263874BF1D01940B008BF00E /* LoadingTableViewCell.swift in Sources */ = {isa = PBXBuildFile; fileRef = 263874BE1D01940B008BF00E /* LoadingTableViewCell.swift */; };
		263874C11D0222FF008BF00E /* GoogleService-Info.plist in Resources */ = {isa = PBXBuildFile; fileRef = 263874C01D0222FF008BF00E /* GoogleService-Info.plist */; };
		263BAE471C63B59900271EF0 /* JoinTeamByInvitationTableViewController.swift in Sources */ = {isa = PBXBuildFile; fileRef = 263BAE461C63B59900271EF0 /* JoinTeamByInvitationTableViewController.swift */; };
		2643F5F51CC2B94500031038 /* NewPostingTableViewController.swift in Sources */ = {isa = PBXBuildFile; fileRef = 2643F5F41CC2B94500031038 /* NewPostingTableViewController.swift */; };
		2646AB441C56BE680082CA71 /* JoinTeamViewController.swift in Sources */ = {isa = PBXBuildFile; fileRef = 2646AB431C56BE680082CA71 /* JoinTeamViewController.swift */; };
		2649F80B1C652AF4005AA763 /* TeamProfileViewController.swift in Sources */ = {isa = PBXBuildFile; fileRef = 2649F80A1C652AF4005AA763 /* TeamProfileViewController.swift */; };
		2649F80D1C652C15005AA763 /* TeamProfilePostingsTableViewController.swift in Sources */ = {isa = PBXBuildFile; fileRef = 2649F80C1C652C15005AA763 /* TeamProfilePostingsTableViewController.swift */; };
		265DEB641BAC48B90076F222 /* Podfile in Resources */ = {isa = PBXBuildFile; fileRef = 265DEB631BAC48B90076F222 /* Podfile */; };
		265FF0471C64AB4900176F3B /* WelcomeScreenViewController.swift in Sources */ = {isa = PBXBuildFile; fileRef = 265FF0461C64AB4900176F3B /* WelcomeScreenViewController.swift */; };
		266BFF731CC40AE80004E220 /* CoreLocation.framework in Frameworks */ = {isa = PBXBuildFile; fileRef = 266BFF721CC40AE80004E220 /* CoreLocation.framework */; };
		2678A5801B7E4BB4000CF85A /* AppDelegate.swift in Sources */ = {isa = PBXBuildFile; fileRef = 2678A57F1B7E4BB4000CF85A /* AppDelegate.swift */; };
		2678A5821B7E4BB4000CF85A /* FirstViewController.swift in Sources */ = {isa = PBXBuildFile; fileRef = 2678A5811B7E4BB4000CF85A /* FirstViewController.swift */; };
		2678A5841B7E4BB4000CF85A /* AboutBreakOutViewController.swift in Sources */ = {isa = PBXBuildFile; fileRef = 2678A5831B7E4BB4000CF85A /* AboutBreakOutViewController.swift */; };
		2678A5871B7E4BB4000CF85A /* Main.storyboard in Resources */ = {isa = PBXBuildFile; fileRef = 2678A5851B7E4BB4000CF85A /* Main.storyboard */; };
		2678A5891B7E4BB4000CF85A /* Images.xcassets in Resources */ = {isa = PBXBuildFile; fileRef = 2678A5881B7E4BB4000CF85A /* Images.xcassets */; };
		2678A58C1B7E4BB4000CF85A /* LaunchScreen.xib in Resources */ = {isa = PBXBuildFile; fileRef = 2678A58A1B7E4BB4000CF85A /* LaunchScreen.xib */; };
		2678A5981B7E4BB4000CF85A /* BreakOutTests.swift in Sources */ = {isa = PBXBuildFile; fileRef = 2678A5971B7E4BB4000CF85A /* BreakOutTests.swift */; };
		2678A5A21B7F3B2D000CF85A /* MapKit.framework in Frameworks */ = {isa = PBXBuildFile; fileRef = 2678A5A11B7F3B2D000CF85A /* MapKit.framework */; };
		2678B0441C39CBA800136507 /* ContainerViewController.swift in Sources */ = {isa = PBXBuildFile; fileRef = 2678B0431C39CBA800136507 /* ContainerViewController.swift */; };
		26985F151C428EAB00C5FA0C /* BecomeParticipantTableViewController.swift in Sources */ = {isa = PBXBuildFile; fileRef = 26985F141C428EAB00C5FA0C /* BecomeParticipantTableViewController.swift */; };
		26985F1A1C42974D00C5FA0C /* Localizable.strings in Resources */ = {isa = PBXBuildFile; fileRef = 26985F1C1C42974D00C5FA0C /* Localizable.strings */; };
		26985F2D1C4301A600C5FA0C /* CurrentUser.swift in Sources */ = {isa = PBXBuildFile; fileRef = 26985F2C1C4301A600C5FA0C /* CurrentUser.swift */; };
		269AADC61C936C2C0034F32C /* BONetworkIndicator.swift in Sources */ = {isa = PBXBuildFile; fileRef = 269AADC51C936C2C0034F32C /* BONetworkIndicator.swift */; };
		269AADC81C9483E10034F32C /* Constants.swift in Sources */ = {isa = PBXBuildFile; fileRef = 269AADC71C9483E10034F32C /* Constants.swift */; };
		26AA75231C81CFA80023D009 /* BOPopoverViewController.swift in Sources */ = {isa = PBXBuildFile; fileRef = 26AA75221C81CFA80023D009 /* BOPopoverViewController.swift */; };
		26AA75251C8318A20023D009 /* CreateTeamTableViewController.swift in Sources */ = {isa = PBXBuildFile; fileRef = 26AA75241C8318A20023D009 /* CreateTeamTableViewController.swift */; };
		26B3272F1CF63E060039FB66 /* BOLocationManager.swift in Sources */ = {isa = PBXBuildFile; fileRef = 26B3272E1CF63E060039FB66 /* BOLocationManager.swift */; };
		26B327311CFB6C050039FB66 /* BOPushManager.swift in Sources */ = {isa = PBXBuildFile; fileRef = 26B327301CFB6C050039FB66 /* BOPushManager.swift */; };
		26BB1E8A1C3F082C00871024 /* SidebarMenuTableViewController.swift in Sources */ = {isa = PBXBuildFile; fileRef = 26BB1E891C3F082C00871024 /* SidebarMenuTableViewController.swift */; };
		26DA0DA21C31538A009AB1B7 /* LoginRegisterViewController.swift in Sources */ = {isa = PBXBuildFile; fileRef = 26DA0DA11C31538A009AB1B7 /* LoginRegisterViewController.swift */; };
		26DA0DA61C31568A009AB1B7 /* InternalWebViewController.swift in Sources */ = {isa = PBXBuildFile; fileRef = 26DA0DA51C31568A009AB1B7 /* InternalWebViewController.swift */; };
		26DA0DA81C316317009AB1B7 /* UserProfileTableViewController.swift in Sources */ = {isa = PBXBuildFile; fileRef = 26DA0DA71C316317009AB1B7 /* UserProfileTableViewController.swift */; };
		26F29BEB1CF2111E003DB37E /* ChallengeTableViewCell.swift in Sources */ = {isa = PBXBuildFile; fileRef = 26F29BEA1CF2111E003DB37E /* ChallengeTableViewCell.swift */; };
		26F29BED1CF21137003DB37E /* ChallengesTableViewController.swift in Sources */ = {isa = PBXBuildFile; fileRef = 26F29BEC1CF21137003DB37E /* ChallengesTableViewController.swift */; };
		26FD9E711C0BAEF100BF9EFD /* StyleInformation.swift in Sources */ = {isa = PBXBuildFile; fileRef = 26FD9E701C0BAEF100BF9EFD /* StyleInformation.swift */; };
		47A166F481A5147BD339A76A /* Pods_BreakOut.framework in Frameworks */ = {isa = PBXBuildFile; fileRef = 7A5BB60249B97E779246C647 /* Pods_BreakOut.framework */; };
		6153CCB91CD7FA1900E9CAE6 /* BasicLocationController.swift in Sources */ = {isa = PBXBuildFile; fileRef = 6153CCB81CD7FA1900E9CAE6 /* BasicLocationController.swift */; };
		61D0BE7A1CD6B32A0069DAEC /* MapViewController.swift in Sources */ = {isa = PBXBuildFile; fileRef = 61D0BE791CD6B32A0069DAEC /* MapViewController.swift */; };
		61D0BE7E1CD6B3D50069DAEC /* PrivateConstants.swift in Sources */ = {isa = PBXBuildFile; fileRef = 61D0BE7D1CD6B3D50069DAEC /* PrivateConstants.swift */; };
		61E86D791CE77082000CD707 /* MapLocation.swift in Sources */ = {isa = PBXBuildFile; fileRef = 61E86D781CE77082000CD707 /* MapLocation.swift */; };
		FBBBAFDA27E4425141A37497 /* libPods-BreakOutTests.a in Frameworks */ = {isa = PBXBuildFile; fileRef = 6B71AF1E445DCA931DA163E5 /* libPods-BreakOutTests.a */; };
/* End PBXBuildFile section */

/* Begin PBXContainerItemProxy section */
		2678A5921B7E4BB4000CF85A /* PBXContainerItemProxy */ = {
			isa = PBXContainerItemProxy;
			containerPortal = 2678A5721B7E4BB4000CF85A /* Project object */;
			proxyType = 1;
			remoteGlobalIDString = 2678A5791B7E4BB4000CF85A;
			remoteInfo = BreakOut;
		};
/* End PBXContainerItemProxy section */

/* Begin PBXFileReference section */
		05FB01B2A32B991368F6CE98 /* Pods-BreakOut.release.xcconfig */ = {isa = PBXFileReference; includeInIndex = 1; lastKnownFileType = text.xcconfig; name = "Pods-BreakOut.release.xcconfig"; path = "Pods/Target Support Files/Pods-BreakOut/Pods-BreakOut.release.xcconfig"; sourceTree = "<group>"; };
		0E31C5821E772260008E9C9C /* Settings.bundle */ = {isa = PBXFileReference; lastKnownFileType = "wrapper.plug-in"; path = Settings.bundle; sourceTree = "<group>"; };
		0E31C5841E7747C4008E9C9C /* TeamViewController.swift */ = {isa = PBXFileReference; fileEncoding = 4; lastKnownFileType = sourcecode.swift; path = TeamViewController.swift; sourceTree = "<group>"; };
		0E3B87DE1E61F7C400C21AB9 /* Post.swift */ = {isa = PBXFileReference; fileEncoding = 4; lastKnownFileType = sourcecode.swift; path = Post.swift; sourceTree = "<group>"; };
		0E3B87E01E61F7CC00C21AB9 /* Location.swift */ = {isa = PBXFileReference; fileEncoding = 4; lastKnownFileType = sourcecode.swift; path = Location.swift; sourceTree = "<group>"; };
		0E3B87E21E61F7D600C21AB9 /* Team.swift */ = {isa = PBXFileReference; fileEncoding = 4; lastKnownFileType = sourcecode.swift; path = Team.swift; sourceTree = "<group>"; };
		0E3B87E41E61F7DF00C21AB9 /* Event.swift */ = {isa = PBXFileReference; fileEncoding = 4; lastKnownFileType = sourcecode.swift; path = Event.swift; sourceTree = "<group>"; };
		0E3B87E61E61F7E700C21AB9 /* Participant.swift */ = {isa = PBXFileReference; fileEncoding = 4; lastKnownFileType = sourcecode.swift; path = Participant.swift; sourceTree = "<group>"; };
		0E3B87E81E61F7F900C21AB9 /* BreakOutEndpoints.swift */ = {isa = PBXFileReference; fileEncoding = 4; lastKnownFileType = sourcecode.swift; path = BreakOutEndpoints.swift; sourceTree = "<group>"; };
		0E3B87EA1E61F81C00C21AB9 /* Image.swift */ = {isa = PBXFileReference; fileEncoding = 4; lastKnownFileType = sourcecode.swift; path = Image.swift; sourceTree = "<group>"; };
		0E3B87EC1E61F82200C21AB9 /* Video.swift */ = {isa = PBXFileReference; fileEncoding = 4; lastKnownFileType = sourcecode.swift; path = Video.swift; sourceTree = "<group>"; };
		0E3B87EE1E61F82900C21AB9 /* MediaItem.swift */ = {isa = PBXFileReference; fileEncoding = 4; lastKnownFileType = sourcecode.swift; path = MediaItem.swift; sourceTree = "<group>"; };
		0E3B87F11E61F84100C21AB9 /* Comment.swift */ = {isa = PBXFileReference; fileEncoding = 4; lastKnownFileType = sourcecode.swift; path = Comment.swift; sourceTree = "<group>"; };
		0E3B87F31E61F85100C21AB9 /* Type.swift */ = {isa = PBXFileReference; fileEncoding = 4; lastKnownFileType = sourcecode.swift; path = Type.swift; sourceTree = "<group>"; };
		0E3B87F51E61F88400C21AB9 /* NewMedia.swift */ = {isa = PBXFileReference; fileEncoding = 4; lastKnownFileType = sourcecode.swift; path = NewMedia.swift; sourceTree = "<group>"; };
		0E3B87F71E61F8A500C21AB9 /* JSON+BreakOut.swift */ = {isa = PBXFileReference; fileEncoding = 4; lastKnownFileType = sourcecode.swift; path = "JSON+BreakOut.swift"; sourceTree = "<group>"; };
		0E3B87F91E61F93900C21AB9 /* NewComment.swift */ = {isa = PBXFileReference; fileEncoding = 4; lastKnownFileType = sourcecode.swift; path = NewComment.swift; sourceTree = "<group>"; };
		0E3B87FB1E61F9B100C21AB9 /* Challenge.swift */ = {isa = PBXFileReference; fileEncoding = 4; lastKnownFileType = sourcecode.swift; path = Challenge.swift; sourceTree = "<group>"; };
		0E6289231E623F7E00EF1FAD /* UploadManager.swift */ = {isa = PBXFileReference; fileEncoding = 4; lastKnownFileType = sourcecode.swift; path = UploadManager.swift; sourceTree = "<group>"; };
		0E6E6A60DAADD446EC06104D /* Pods-BreakOutTests.release.xcconfig */ = {isa = PBXFileReference; includeInIndex = 1; lastKnownFileType = text.xcconfig; name = "Pods-BreakOutTests.release.xcconfig"; path = "Pods/Target Support Files/Pods-BreakOutTests/Pods-BreakOutTests.release.xcconfig"; sourceTree = "<group>"; };
		0E8663351E63A99900B5738D /* NewPost.swift */ = {isa = PBXFileReference; fileEncoding = 4; lastKnownFileType = sourcecode.swift; path = NewPost.swift; sourceTree = "<group>"; };
		0E8990581E6871E00080E123 /* PersistentViewController.swift */ = {isa = PBXFileReference; fileEncoding = 4; lastKnownFileType = sourcecode.swift; path = PersistentViewController.swift; sourceTree = "<group>"; };
		0E9A25111E6440F60011082D /* AppDefaults.swift */ = {isa = PBXFileReference; fileEncoding = 4; lastKnownFileType = sourcecode.swift; path = AppDefaults.swift; sourceTree = "<group>"; };
		0EBE9D5B1E787E0700355E1E /* TeamHeaderView.xib */ = {isa = PBXFileReference; fileEncoding = 4; lastKnownFileType = file.xib; path = TeamHeaderView.xib; sourceTree = "<group>"; };
		0EBE9D5D1E787F6600355E1E /* TeamHeaderView.swift */ = {isa = PBXFileReference; fileEncoding = 4; lastKnownFileType = sourcecode.swift; path = TeamHeaderView.swift; sourceTree = "<group>"; };
		0EC3F3FB1E64B7F800908372 /* GenderAPI.swift */ = {isa = PBXFileReference; fileEncoding = 4; lastKnownFileType = sourcecode.swift; path = GenderAPI.swift; sourceTree = "<group>"; };
		0EC543261E6DDB6E0023DD91 /* BreakOut.entitlements */ = {isa = PBXFileReference; lastKnownFileType = text.plist.entitlements; path = BreakOut.entitlements; sourceTree = "<group>"; };
		0ECBE49E1E71809800D5451B /* deploy.sh */ = {isa = PBXFileReference; fileEncoding = 4; lastKnownFileType = text.script.sh; name = deploy.sh; path = ../deploy.sh; sourceTree = "<group>"; };
		0ECBE4A01E7180A800D5451B /* .travis.yml */ = {isa = PBXFileReference; fileEncoding = 4; lastKnownFileType = text; name = .travis.yml; path = ../.travis.yml; sourceTree = "<group>"; };
		0EF0FAE51E260A7F0049F878 /* BreakOut.swift */ = {isa = PBXFileReference; fileEncoding = 4; lastKnownFileType = sourcecode.swift; path = BreakOut.swift; sourceTree = "<group>"; };
		2303591E0CC7FD81D5C88E41 /* Pods-BreakOut.debug.xcconfig */ = {isa = PBXFileReference; includeInIndex = 1; lastKnownFileType = text.xcconfig; name = "Pods-BreakOut.debug.xcconfig"; path = "Pods/Target Support Files/Pods-BreakOut/Pods-BreakOut.debug.xcconfig"; sourceTree = "<group>"; };
		2601213F1C7892620041EAA8 /* FeatureFlagManager.swift */ = {isa = PBXFileReference; fileEncoding = 4; lastKnownFileType = sourcecode.swift; name = FeatureFlagManager.swift; path = Core/FeatureFlagManager.swift; sourceTree = "<group>"; };
		260121411C78F6F20041EAA8 /* BOToast.swift */ = {isa = PBXFileReference; fileEncoding = 4; lastKnownFileType = sourcecode.swift; name = BOToast.swift; path = Core/BOToast.swift; sourceTree = "<group>"; };
		260121431C78FD6C0041EAA8 /* Extensions.swift */ = {isa = PBXFileReference; fileEncoding = 4; lastKnownFileType = sourcecode.swift; name = Extensions.swift; path = Core/Extensions.swift; sourceTree = "<group>"; };
		260121451C78FE650041EAA8 /* BOImageView.swift */ = {isa = PBXFileReference; fileEncoding = 4; lastKnownFileType = sourcecode.swift; name = BOImageView.swift; path = Core/BOImageView.swift; sourceTree = "<group>"; };
		260121471C79008E0041EAA8 /* BOButton.swift */ = {isa = PBXFileReference; fileEncoding = 4; lastKnownFileType = sourcecode.swift; name = BOButton.swift; path = Core/BOButton.swift; sourceTree = "<group>"; };
		262955A91CE7898B004D3213 /* PostingDetailsTableViewController.swift */ = {isa = PBXFileReference; fileEncoding = 4; lastKnownFileType = sourcecode.swift; name = PostingDetailsTableViewController.swift; path = Screens/Posts/PostingDetailsTableViewController.swift; sourceTree = "<group>"; };
		262955AB1CE789B4004D3213 /* PostingCommentTableViewCell.swift */ = {isa = PBXFileReference; fileEncoding = 4; lastKnownFileType = sourcecode.swift; name = PostingCommentTableViewCell.swift; path = Screens/Posts/PostingCommentTableViewCell.swift; sourceTree = "<group>"; };
		262955AD1CE79656004D3213 /* PostingCommentInputTableViewCell.swift */ = {isa = PBXFileReference; fileEncoding = 4; lastKnownFileType = sourcecode.swift; name = PostingCommentInputTableViewCell.swift; path = Screens/Posts/PostingCommentInputTableViewCell.swift; sourceTree = "<group>"; };
		262955AF1CE8FABD004D3213 /* HelpTableViewController.swift */ = {isa = PBXFileReference; fileEncoding = 4; lastKnownFileType = sourcecode.swift; name = HelpTableViewController.swift; path = Screens/HelpTableViewController.swift; sourceTree = "<group>"; };
		262FA8FA1CCD1BF70094B810 /* AllPostingsTableViewController.swift */ = {isa = PBXFileReference; fileEncoding = 4; lastKnownFileType = sourcecode.swift; name = AllPostingsTableViewController.swift; path = Screens/Posts/AllPostingsTableViewController.swift; sourceTree = "<group>"; };
		262FA8FC1CCD1C210094B810 /* PostingTableViewCell.swift */ = {isa = PBXFileReference; fileEncoding = 4; lastKnownFileType = sourcecode.swift; name = PostingTableViewCell.swift; path = Screens/Posts/PostingTableViewCell.swift; sourceTree = "<group>"; };
		263874BE1D01940B008BF00E /* LoadingTableViewCell.swift */ = {isa = PBXFileReference; fileEncoding = 4; lastKnownFileType = sourcecode.swift; name = LoadingTableViewCell.swift; path = Screens/Posts/LoadingTableViewCell.swift; sourceTree = "<group>"; };
		263874C01D0222FF008BF00E /* GoogleService-Info.plist */ = {isa = PBXFileReference; fileEncoding = 4; lastKnownFileType = text.plist.xml; path = "GoogleService-Info.plist"; sourceTree = "<group>"; };
		263BAE461C63B59900271EF0 /* JoinTeamByInvitationTableViewController.swift */ = {isa = PBXFileReference; fileEncoding = 4; lastKnownFileType = sourcecode.swift; name = JoinTeamByInvitationTableViewController.swift; path = Screens/JoinTeamByInvitationTableViewController.swift; sourceTree = "<group>"; };
		2643F5F41CC2B94500031038 /* NewPostingTableViewController.swift */ = {isa = PBXFileReference; fileEncoding = 4; lastKnownFileType = sourcecode.swift; name = NewPostingTableViewController.swift; path = Screens/Posts/NewPostingTableViewController.swift; sourceTree = "<group>"; };
		2646AB431C56BE680082CA71 /* JoinTeamViewController.swift */ = {isa = PBXFileReference; fileEncoding = 4; lastKnownFileType = sourcecode.swift; name = JoinTeamViewController.swift; path = Screens/JoinTeamViewController.swift; sourceTree = "<group>"; };
		2649F80A1C652AF4005AA763 /* TeamProfileViewController.swift */ = {isa = PBXFileReference; fileEncoding = 4; lastKnownFileType = sourcecode.swift; name = TeamProfileViewController.swift; path = Screens/Teams/TeamProfileViewController.swift; sourceTree = "<group>"; };
		2649F80C1C652C15005AA763 /* TeamProfilePostingsTableViewController.swift */ = {isa = PBXFileReference; fileEncoding = 4; lastKnownFileType = sourcecode.swift; name = TeamProfilePostingsTableViewController.swift; path = Screens/Teams/TeamProfilePostingsTableViewController.swift; sourceTree = "<group>"; };
		265DEB631BAC48B90076F222 /* Podfile */ = {isa = PBXFileReference; fileEncoding = 4; lastKnownFileType = text; path = Podfile; sourceTree = SOURCE_ROOT; xcLanguageSpecificationIdentifier = xcode.lang.ruby; };
		265DEB671BAC59190076F222 /* bridging-header.h */ = {isa = PBXFileReference; lastKnownFileType = sourcecode.c.h; path = "bridging-header.h"; sourceTree = "<group>"; };
		265FF0461C64AB4900176F3B /* WelcomeScreenViewController.swift */ = {isa = PBXFileReference; fileEncoding = 4; lastKnownFileType = sourcecode.swift; name = WelcomeScreenViewController.swift; path = Screens/WelcomeScreenViewController.swift; sourceTree = "<group>"; };
		266BFF721CC40AE80004E220 /* CoreLocation.framework */ = {isa = PBXFileReference; lastKnownFileType = wrapper.framework; name = CoreLocation.framework; path = System/Library/Frameworks/CoreLocation.framework; sourceTree = SDKROOT; };
		2678A57A1B7E4BB4000CF85A /* BreakOut.app */ = {isa = PBXFileReference; explicitFileType = wrapper.application; includeInIndex = 0; path = BreakOut.app; sourceTree = BUILT_PRODUCTS_DIR; };
		2678A57E1B7E4BB4000CF85A /* Info.plist */ = {isa = PBXFileReference; lastKnownFileType = text.plist.xml; path = Info.plist; sourceTree = "<group>"; };
		2678A57F1B7E4BB4000CF85A /* AppDelegate.swift */ = {isa = PBXFileReference; lastKnownFileType = sourcecode.swift; path = AppDelegate.swift; sourceTree = "<group>"; };
		2678A5811B7E4BB4000CF85A /* FirstViewController.swift */ = {isa = PBXFileReference; lastKnownFileType = sourcecode.swift; path = FirstViewController.swift; sourceTree = "<group>"; };
		2678A5831B7E4BB4000CF85A /* AboutBreakOutViewController.swift */ = {isa = PBXFileReference; lastKnownFileType = sourcecode.swift; path = AboutBreakOutViewController.swift; sourceTree = "<group>"; };
		2678A5861B7E4BB4000CF85A /* Base */ = {isa = PBXFileReference; lastKnownFileType = file.storyboard; name = Base; path = Base.lproj/Main.storyboard; sourceTree = "<group>"; };
		2678A5881B7E4BB4000CF85A /* Images.xcassets */ = {isa = PBXFileReference; lastKnownFileType = folder.assetcatalog; path = Images.xcassets; sourceTree = "<group>"; };
		2678A58B1B7E4BB4000CF85A /* Base */ = {isa = PBXFileReference; lastKnownFileType = file.xib; name = Base; path = Base.lproj/LaunchScreen.xib; sourceTree = "<group>"; };
		2678A5911B7E4BB4000CF85A /* BreakOutTests.xctest */ = {isa = PBXFileReference; explicitFileType = wrapper.cfbundle; includeInIndex = 0; path = BreakOutTests.xctest; sourceTree = BUILT_PRODUCTS_DIR; };
		2678A5961B7E4BB4000CF85A /* Info.plist */ = {isa = PBXFileReference; lastKnownFileType = text.plist.xml; path = Info.plist; sourceTree = "<group>"; };
		2678A5971B7E4BB4000CF85A /* BreakOutTests.swift */ = {isa = PBXFileReference; lastKnownFileType = sourcecode.swift; path = BreakOutTests.swift; sourceTree = "<group>"; };
		2678A5A11B7F3B2D000CF85A /* MapKit.framework */ = {isa = PBXFileReference; lastKnownFileType = wrapper.framework; name = MapKit.framework; path = System/Library/Frameworks/MapKit.framework; sourceTree = SDKROOT; };
		2678B0431C39CBA800136507 /* ContainerViewController.swift */ = {isa = PBXFileReference; fileEncoding = 4; lastKnownFileType = sourcecode.swift; path = ContainerViewController.swift; sourceTree = "<group>"; };
		26985F141C428EAB00C5FA0C /* BecomeParticipantTableViewController.swift */ = {isa = PBXFileReference; fileEncoding = 4; lastKnownFileType = sourcecode.swift; name = BecomeParticipantTableViewController.swift; path = Screens/BecomeParticipantTableViewController.swift; sourceTree = "<group>"; };
		26985F181C42973D00C5FA0C /* de */ = {isa = PBXFileReference; lastKnownFileType = text.plist.strings; name = de; path = de.lproj/Main.strings; sourceTree = "<group>"; };
		26985F191C42973D00C5FA0C /* de */ = {isa = PBXFileReference; lastKnownFileType = text.plist.strings; name = de; path = de.lproj/LaunchScreen.strings; sourceTree = "<group>"; };
		26985F1E1C42975300C5FA0C /* de */ = {isa = PBXFileReference; lastKnownFileType = text.plist.strings; name = de; path = de.lproj/Localizable.strings; sourceTree = "<group>"; };
		26985F1F1C42976900C5FA0C /* en */ = {isa = PBXFileReference; lastKnownFileType = text.plist.strings; name = en; path = en.lproj/Localizable.strings; sourceTree = "<group>"; };
		26985F2C1C4301A600C5FA0C /* CurrentUser.swift */ = {isa = PBXFileReference; fileEncoding = 4; lastKnownFileType = sourcecode.swift; path = CurrentUser.swift; sourceTree = "<group>"; };
		269AADC51C936C2C0034F32C /* BONetworkIndicator.swift */ = {isa = PBXFileReference; fileEncoding = 4; lastKnownFileType = sourcecode.swift; name = BONetworkIndicator.swift; path = Core/BONetworkIndicator.swift; sourceTree = "<group>"; };
		269AADC71C9483E10034F32C /* Constants.swift */ = {isa = PBXFileReference; fileEncoding = 4; lastKnownFileType = sourcecode.swift; path = Constants.swift; sourceTree = "<group>"; };
		26AA75221C81CFA80023D009 /* BOPopoverViewController.swift */ = {isa = PBXFileReference; fileEncoding = 4; lastKnownFileType = sourcecode.swift; name = BOPopoverViewController.swift; path = Screens/BOPopoverViewController.swift; sourceTree = "<group>"; };
		26AA75241C8318A20023D009 /* CreateTeamTableViewController.swift */ = {isa = PBXFileReference; fileEncoding = 4; lastKnownFileType = sourcecode.swift; name = CreateTeamTableViewController.swift; path = Screens/CreateTeamTableViewController.swift; sourceTree = "<group>"; };
		26B3272E1CF63E060039FB66 /* BOLocationManager.swift */ = {isa = PBXFileReference; fileEncoding = 4; lastKnownFileType = sourcecode.swift; name = BOLocationManager.swift; path = Core/BOLocationManager.swift; sourceTree = "<group>"; };
		26B327301CFB6C050039FB66 /* BOPushManager.swift */ = {isa = PBXFileReference; fileEncoding = 4; lastKnownFileType = sourcecode.swift; name = BOPushManager.swift; path = Core/BOPushManager.swift; sourceTree = "<group>"; };
		26BB1E891C3F082C00871024 /* SidebarMenuTableViewController.swift */ = {isa = PBXFileReference; fileEncoding = 4; lastKnownFileType = sourcecode.swift; name = SidebarMenuTableViewController.swift; path = Screens/SidebarMenuTableViewController.swift; sourceTree = "<group>"; };
		26DA0DA11C31538A009AB1B7 /* LoginRegisterViewController.swift */ = {isa = PBXFileReference; fileEncoding = 4; lastKnownFileType = sourcecode.swift; name = LoginRegisterViewController.swift; path = Screens/LoginRegisterViewController.swift; sourceTree = "<group>"; };
		26DA0DA51C31568A009AB1B7 /* InternalWebViewController.swift */ = {isa = PBXFileReference; fileEncoding = 4; lastKnownFileType = sourcecode.swift; name = InternalWebViewController.swift; path = Screens/InternalWebViewController.swift; sourceTree = "<group>"; };
		26DA0DA71C316317009AB1B7 /* UserProfileTableViewController.swift */ = {isa = PBXFileReference; fileEncoding = 4; lastKnownFileType = sourcecode.swift; name = UserProfileTableViewController.swift; path = Screens/UserProfileTableViewController.swift; sourceTree = "<group>"; };
		26F29BEA1CF2111E003DB37E /* ChallengeTableViewCell.swift */ = {isa = PBXFileReference; fileEncoding = 4; lastKnownFileType = sourcecode.swift; name = ChallengeTableViewCell.swift; path = Screens/Posts/ChallengeTableViewCell.swift; sourceTree = "<group>"; };
		26F29BEC1CF21137003DB37E /* ChallengesTableViewController.swift */ = {isa = PBXFileReference; fileEncoding = 4; lastKnownFileType = sourcecode.swift; name = ChallengesTableViewController.swift; path = Screens/Posts/ChallengesTableViewController.swift; sourceTree = "<group>"; };
		26FD9E701C0BAEF100BF9EFD /* StyleInformation.swift */ = {isa = PBXFileReference; fileEncoding = 4; lastKnownFileType = sourcecode.swift; path = StyleInformation.swift; sourceTree = "<group>"; };
		6153CCB81CD7FA1900E9CAE6 /* BasicLocationController.swift */ = {isa = PBXFileReference; fileEncoding = 4; lastKnownFileType = sourcecode.swift; path = BasicLocationController.swift; sourceTree = "<group>"; };
		61D0BE791CD6B32A0069DAEC /* MapViewController.swift */ = {isa = PBXFileReference; fileEncoding = 4; lastKnownFileType = sourcecode.swift; name = MapViewController.swift; path = Screens/MapViewController.swift; sourceTree = "<group>"; };
		61D0BE7D1CD6B3D50069DAEC /* PrivateConstants.swift */ = {isa = PBXFileReference; fileEncoding = 4; lastKnownFileType = sourcecode.swift; path = PrivateConstants.swift; sourceTree = "<group>"; };
		61E86D781CE77082000CD707 /* MapLocation.swift */ = {isa = PBXFileReference; fileEncoding = 4; lastKnownFileType = sourcecode.swift; path = MapLocation.swift; sourceTree = "<group>"; };
		6B71AF1E445DCA931DA163E5 /* libPods-BreakOutTests.a */ = {isa = PBXFileReference; explicitFileType = archive.ar; includeInIndex = 0; path = "libPods-BreakOutTests.a"; sourceTree = BUILT_PRODUCTS_DIR; };
		7A5BB60249B97E779246C647 /* Pods_BreakOut.framework */ = {isa = PBXFileReference; explicitFileType = wrapper.framework; includeInIndex = 0; path = Pods_BreakOut.framework; sourceTree = BUILT_PRODUCTS_DIR; };
		CF4620A2B9DD25958682F201 /* Pods-BreakOutTests.debug.xcconfig */ = {isa = PBXFileReference; includeInIndex = 1; lastKnownFileType = text.xcconfig; name = "Pods-BreakOutTests.debug.xcconfig"; path = "Pods/Target Support Files/Pods-BreakOutTests/Pods-BreakOutTests.debug.xcconfig"; sourceTree = "<group>"; };
/* End PBXFileReference section */

/* Begin PBXFrameworksBuildPhase section */
		2678A5771B7E4BB4000CF85A /* Frameworks */ = {
			isa = PBXFrameworksBuildPhase;
			buildActionMask = 2147483647;
			files = (
				266BFF731CC40AE80004E220 /* CoreLocation.framework in Frameworks */,
				2678A5A21B7F3B2D000CF85A /* MapKit.framework in Frameworks */,
				47A166F481A5147BD339A76A /* Pods_BreakOut.framework in Frameworks */,
			);
			runOnlyForDeploymentPostprocessing = 0;
		};
		2678A58E1B7E4BB4000CF85A /* Frameworks */ = {
			isa = PBXFrameworksBuildPhase;
			buildActionMask = 2147483647;
			files = (
				FBBBAFDA27E4425141A37497 /* libPods-BreakOutTests.a in Frameworks */,
			);
			runOnlyForDeploymentPostprocessing = 0;
		};
/* End PBXFrameworksBuildPhase section */

/* Begin PBXGroup section */
		0E3B87F01E61F82F00C21AB9 /* Media */ = {
			isa = PBXGroup;
			children = (
				0E3B87EA1E61F81C00C21AB9 /* Image.swift */,
				0E3B87EC1E61F82200C21AB9 /* Video.swift */,
				0E3B87EE1E61F82900C21AB9 /* MediaItem.swift */,
				0E3B87F31E61F85100C21AB9 /* Type.swift */,
				0E3B87F51E61F88400C21AB9 /* NewMedia.swift */,
			);
			name = Media;
			sourceTree = "<group>";
		};
		0EC3F3FD1E64B7FD00908372 /* Other */ = {
			isa = PBXGroup;
			children = (
				0EC3F3FB1E64B7F800908372 /* GenderAPI.swift */,
			);
			name = Other;
			sourceTree = "<group>";
		};
		1EB499C04979986967F64D58 /* Frameworks */ = {
			isa = PBXGroup;
			children = (
				266BFF721CC40AE80004E220 /* CoreLocation.framework */,
				2678A5A11B7F3B2D000CF85A /* MapKit.framework */,
				7A5BB60249B97E779246C647 /* Pods_BreakOut.framework */,
				6B71AF1E445DCA931DA163E5 /* libPods-BreakOutTests.a */,
			);
			name = Frameworks;
			sourceTree = "<group>";
		};
		260121491C79039E0041EAA8 /* Extensions and Subclasses */ = {
			isa = PBXGroup;
			children = (
				260121431C78FD6C0041EAA8 /* Extensions.swift */,
				260121451C78FE650041EAA8 /* BOImageView.swift */,
				260121471C79008E0041EAA8 /* BOButton.swift */,
			);
			name = "Extensions and Subclasses";
			sourceTree = "<group>";
		};
		2678A5711B7E4BB4000CF85A = {
			isa = PBXGroup;
			children = (
				0E31C5821E772260008E9C9C /* Settings.bundle */,
				2678A57C1B7E4BB4000CF85A /* BreakOut */,
				2678A5941B7E4BB4000CF85A /* BreakOutTests */,
				2678A57B1B7E4BB4000CF85A /* Products */,
				1EB499C04979986967F64D58 /* Frameworks */,
				5899A8F2323EA74D897A3210 /* Pods */,
			);
			sourceTree = "<group>";
		};
		2678A57B1B7E4BB4000CF85A /* Products */ = {
			isa = PBXGroup;
			children = (
				2678A57A1B7E4BB4000CF85A /* BreakOut.app */,
				2678A5911B7E4BB4000CF85A /* BreakOutTests.xctest */,
			);
			name = Products;
			sourceTree = "<group>";
		};
		2678A57C1B7E4BB4000CF85A /* BreakOut */ = {
			isa = PBXGroup;
			children = (
				0EC543261E6DDB6E0023DD91 /* BreakOut.entitlements */,
				26FD9E641C0A453800BF9EFD /* Tests */,
				26FD9E611C0A3D0200BF9EFD /* Screens */,
				26FD9E601C0A3CF200BF9EFD /* Core */,
				2678A57F1B7E4BB4000CF85A /* AppDelegate.swift */,
				2678B0431C39CBA800136507 /* ContainerViewController.swift */,
				2678A5851B7E4BB4000CF85A /* Main.storyboard */,
				2678A5881B7E4BB4000CF85A /* Images.xcassets */,
				2678A58A1B7E4BB4000CF85A /* LaunchScreen.xib */,
				2678A57D1B7E4BB4000CF85A /* Supporting Files */,
			);
			path = BreakOut;
			sourceTree = "<group>";
		};
		2678A57D1B7E4BB4000CF85A /* Supporting Files */ = {
			isa = PBXGroup;
			children = (
				0ECBE4A01E7180A800D5451B /* .travis.yml */,
				0ECBE49E1E71809800D5451B /* deploy.sh */,
				263874C01D0222FF008BF00E /* GoogleService-Info.plist */,
				265DEB631BAC48B90076F222 /* Podfile */,
				2678A57E1B7E4BB4000CF85A /* Info.plist */,
				61D0BE7D1CD6B3D50069DAEC /* PrivateConstants.swift */,
				265DEB671BAC59190076F222 /* bridging-header.h */,
				26FD9E701C0BAEF100BF9EFD /* StyleInformation.swift */,
				26985F1C1C42974D00C5FA0C /* Localizable.strings */,
				269AADC71C9483E10034F32C /* Constants.swift */,
			);
			name = "Supporting Files";
			sourceTree = "<group>";
		};
		2678A5941B7E4BB4000CF85A /* BreakOutTests */ = {
			isa = PBXGroup;
			children = (
				2678A5971B7E4BB4000CF85A /* BreakOutTests.swift */,
				2678A5951B7E4BB4000CF85A /* Supporting Files */,
			);
			path = BreakOutTests;
			sourceTree = "<group>";
		};
		2678A5951B7E4BB4000CF85A /* Supporting Files */ = {
			isa = PBXGroup;
			children = (
				2678A5961B7E4BB4000CF85A /* Info.plist */,
			);
			name = "Supporting Files";
			sourceTree = "<group>";
		};
		26FD9E581C0A3C7000BF9EFD /* Login */ = {
			isa = PBXGroup;
			children = (
				26DA0DA11C31538A009AB1B7 /* LoginRegisterViewController.swift */,
			);
			name = Login;
			sourceTree = "<group>";
		};
		26FD9E591C0A3C7700BF9EFD /* Map */ = {
			isa = PBXGroup;
			children = (
				61D0BE791CD6B32A0069DAEC /* MapViewController.swift */,
				61E86D781CE77082000CD707 /* MapLocation.swift */,
			);
			name = Map;
			sourceTree = "<group>";
		};
		26FD9E5A1C0A3C8800BF9EFD /* Posts */ = {
			isa = PBXGroup;
			children = (
				2643F5F41CC2B94500031038 /* NewPostingTableViewController.swift */,
				262FA8FA1CCD1BF70094B810 /* AllPostingsTableViewController.swift */,
				262FA8FC1CCD1C210094B810 /* PostingTableViewCell.swift */,
				262955A91CE7898B004D3213 /* PostingDetailsTableViewController.swift */,
				262955AB1CE789B4004D3213 /* PostingCommentTableViewCell.swift */,
				262955AD1CE79656004D3213 /* PostingCommentInputTableViewCell.swift */,
				26F29BEA1CF2111E003DB37E /* ChallengeTableViewCell.swift */,
				26F29BEC1CF21137003DB37E /* ChallengesTableViewController.swift */,
				263874BE1D01940B008BF00E /* LoadingTableViewCell.swift */,
			);
			name = Posts;
			sourceTree = "<group>";
		};
		26FD9E5B1C0A3C9C00BF9EFD /* Settings */ = {
			isa = PBXGroup;
			children = (
			);
			name = Settings;
			sourceTree = "<group>";
		};
		26FD9E5C1C0A3CA100BF9EFD /* Teams */ = {
			isa = PBXGroup;
			children = (
				2649F80A1C652AF4005AA763 /* TeamProfileViewController.swift */,
				2649F80C1C652C15005AA763 /* TeamProfilePostingsTableViewController.swift */,
				0E31C5841E7747C4008E9C9C /* TeamViewController.swift */,
				0EBE9D5D1E787F6600355E1E /* TeamHeaderView.swift */,
				0EBE9D5B1E787E0700355E1E /* TeamHeaderView.xib */,
			);
			name = Teams;
			sourceTree = "<group>";
		};
		26FD9E5D1C0A3CC700BF9EFD /* Chat */ = {
			isa = PBXGroup;
			children = (
			);
			name = Chat;
			sourceTree = "<group>";
		};
		26FD9E5E1C0A3CCD00BF9EFD /* Network */ = {
			isa = PBXGroup;
			children = (
				0E6289231E623F7E00EF1FAD /* UploadManager.swift */,
			);
			name = Network;
			sourceTree = "<group>";
		};
		26FD9E5F1C0A3CD700BF9EFD /* Database */ = {
			isa = PBXGroup;
			children = (
				0E3B87E81E61F7F900C21AB9 /* BreakOutEndpoints.swift */,
				0EF0FAE51E260A7F0049F878 /* BreakOut.swift */,
				0E3B87DE1E61F7C400C21AB9 /* Post.swift */,
				0E8663351E63A99900B5738D /* NewPost.swift */,
				0E3B87F11E61F84100C21AB9 /* Comment.swift */,
				0E3B87F91E61F93900C21AB9 /* NewComment.swift */,
				0E3B87FB1E61F9B100C21AB9 /* Challenge.swift */,
				0E3B87E01E61F7CC00C21AB9 /* Location.swift */,
				0E3B87E21E61F7D600C21AB9 /* Team.swift */,
				0E3B87E41E61F7DF00C21AB9 /* Event.swift */,
				0E3B87E61E61F7E700C21AB9 /* Participant.swift */,
				0E3B87F71E61F8A500C21AB9 /* JSON+BreakOut.swift */,
				0E3B87F01E61F82F00C21AB9 /* Media */,
				0EC3F3FD1E64B7FD00908372 /* Other */,
			);
			name = Database;
			sourceTree = "<group>";
		};
		26FD9E601C0A3CF200BF9EFD /* Core */ = {
			isa = PBXGroup;
			children = (
				26FD9E5F1C0A3CD700BF9EFD /* Database */,
				26FD9E5E1C0A3CCD00BF9EFD /* Network */,
				26985F2C1C4301A600C5FA0C /* CurrentUser.swift */,
				2601213F1C7892620041EAA8 /* FeatureFlagManager.swift */,
				260121411C78F6F20041EAA8 /* BOToast.swift */,
				260121491C79039E0041EAA8 /* Extensions and Subclasses */,
				269AADC51C936C2C0034F32C /* BONetworkIndicator.swift */,
				6153CCB81CD7FA1900E9CAE6 /* BasicLocationController.swift */,
				26B3272E1CF63E060039FB66 /* BOLocationManager.swift */,
				26B327301CFB6C050039FB66 /* BOPushManager.swift */,
				0E9A25111E6440F60011082D /* AppDefaults.swift */,
			);
			name = Core;
			sourceTree = "<group>";
		};
		26FD9E611C0A3D0200BF9EFD /* Screens */ = {
			isa = PBXGroup;
			children = (
				26FD9E5D1C0A3CC700BF9EFD /* Chat */,
				26FD9E5C1C0A3CA100BF9EFD /* Teams */,
				26FD9E5B1C0A3C9C00BF9EFD /* Settings */,
				26FD9E5A1C0A3C8800BF9EFD /* Posts */,
				26FD9E591C0A3C7700BF9EFD /* Map */,
				26FD9E581C0A3C7000BF9EFD /* Login */,
				26DA0DA51C31568A009AB1B7 /* InternalWebViewController.swift */,
				26DA0DA71C316317009AB1B7 /* UserProfileTableViewController.swift */,
				262955AF1CE8FABD004D3213 /* HelpTableViewController.swift */,
				26985F141C428EAB00C5FA0C /* BecomeParticipantTableViewController.swift */,
				2646AB431C56BE680082CA71 /* JoinTeamViewController.swift */,
				26AA75241C8318A20023D009 /* CreateTeamTableViewController.swift */,
				263BAE461C63B59900271EF0 /* JoinTeamByInvitationTableViewController.swift */,
				265FF0461C64AB4900176F3B /* WelcomeScreenViewController.swift */,
				0E8990581E6871E00080E123 /* PersistentViewController.swift */,
				26BB1E891C3F082C00871024 /* SidebarMenuTableViewController.swift */,
				26AA75221C81CFA80023D009 /* BOPopoverViewController.swift */,
			);
			name = Screens;
			sourceTree = "<group>";
		};
		26FD9E641C0A453800BF9EFD /* Tests */ = {
			isa = PBXGroup;
			children = (
				2678A5811B7E4BB4000CF85A /* FirstViewController.swift */,
				2678A5831B7E4BB4000CF85A /* AboutBreakOutViewController.swift */,
			);
			name = Tests;
			sourceTree = "<group>";
		};
		5899A8F2323EA74D897A3210 /* Pods */ = {
			isa = PBXGroup;
			children = (
				2303591E0CC7FD81D5C88E41 /* Pods-BreakOut.debug.xcconfig */,
				05FB01B2A32B991368F6CE98 /* Pods-BreakOut.release.xcconfig */,
				CF4620A2B9DD25958682F201 /* Pods-BreakOutTests.debug.xcconfig */,
				0E6E6A60DAADD446EC06104D /* Pods-BreakOutTests.release.xcconfig */,
			);
			name = Pods;
			sourceTree = "<group>";
		};
/* End PBXGroup section */

/* Begin PBXNativeTarget section */
		2678A5791B7E4BB4000CF85A /* BreakOut */ = {
			isa = PBXNativeTarget;
			buildConfigurationList = 2678A59B1B7E4BB4000CF85A /* Build configuration list for PBXNativeTarget "BreakOut" */;
			buildPhases = (
				2E21B2536BBB67527F851128 /* [CP] Check Pods Manifest.lock */,
				2678A5761B7E4BB4000CF85A /* Sources */,
				2678A5771B7E4BB4000CF85A /* Frameworks */,
				2678A5781B7E4BB4000CF85A /* Resources */,
				2688FD0B1BAC5D7200D2E676 /* ShellScript */,
				E047DB7A768B98660EB70887 /* [CP] Embed Pods Frameworks */,
				5A811A17E3A5FB935C69A35A /* [CP] Copy Pods Resources */,
			);
			buildRules = (
			);
			dependencies = (
			);
			name = BreakOut;
			productName = BreakOut;
			productReference = 2678A57A1B7E4BB4000CF85A /* BreakOut.app */;
			productType = "com.apple.product-type.application";
		};
		2678A5901B7E4BB4000CF85A /* BreakOutTests */ = {
			isa = PBXNativeTarget;
			buildConfigurationList = 2678A59E1B7E4BB4000CF85A /* Build configuration list for PBXNativeTarget "BreakOutTests" */;
			buildPhases = (
				D8E83D31EDBE2450FA5C7947 /* [CP] Check Pods Manifest.lock */,
				2678A58D1B7E4BB4000CF85A /* Sources */,
				2678A58E1B7E4BB4000CF85A /* Frameworks */,
				2678A58F1B7E4BB4000CF85A /* Resources */,
				E592B9A497B6ABD9894FDD4E /* [CP] Embed Pods Frameworks */,
				04F4F2FEBC08FA15D0CA950D /* [CP] Copy Pods Resources */,
			);
			buildRules = (
			);
			dependencies = (
				2678A5931B7E4BB4000CF85A /* PBXTargetDependency */,
			);
			name = BreakOutTests;
			productName = BreakOutTests;
			productReference = 2678A5911B7E4BB4000CF85A /* BreakOutTests.xctest */;
			productType = "com.apple.product-type.bundle.unit-test";
		};
/* End PBXNativeTarget section */

/* Begin PBXProject section */
		2678A5721B7E4BB4000CF85A /* Project object */ = {
			isa = PBXProject;
			attributes = {
				LastSwiftUpdateCheck = 0710;
				LastUpgradeCheck = 0800;
				ORGANIZATIONNAME = BreakOut;
				TargetAttributes = {
					2678A5791B7E4BB4000CF85A = {
						CreatedOnToolsVersion = 6.4;
						DevelopmentTeam = KJPP698PR3;
						LastSwiftMigration = 0800;
						ProvisioningStyle = Manual;
						SystemCapabilities = {
							com.apple.BackgroundModes = {
								enabled = 1;
							};
							com.apple.Push = {
								enabled = 1;
							};
						};
					};
					2678A5901B7E4BB4000CF85A = {
						CreatedOnToolsVersion = 6.4;
						LastSwiftMigration = 0800;
						TestTargetID = 2678A5791B7E4BB4000CF85A;
					};
				};
			};
			buildConfigurationList = 2678A5751B7E4BB4000CF85A /* Build configuration list for PBXProject "BreakOut" */;
			compatibilityVersion = "Xcode 3.2";
			developmentRegion = English;
			hasScannedForEncodings = 0;
			knownRegions = (
				en,
				Base,
				de,
			);
			mainGroup = 2678A5711B7E4BB4000CF85A;
			productRefGroup = 2678A57B1B7E4BB4000CF85A /* Products */;
			projectDirPath = "";
			projectRoot = "";
			targets = (
				2678A5791B7E4BB4000CF85A /* BreakOut */,
				2678A5901B7E4BB4000CF85A /* BreakOutTests */,
			);
		};
/* End PBXProject section */

/* Begin PBXResourcesBuildPhase section */
		2678A5781B7E4BB4000CF85A /* Resources */ = {
			isa = PBXResourcesBuildPhase;
			buildActionMask = 2147483647;
			files = (
				26985F1A1C42974D00C5FA0C /* Localizable.strings in Resources */,
				2678A5871B7E4BB4000CF85A /* Main.storyboard in Resources */,
				2678A58C1B7E4BB4000CF85A /* LaunchScreen.xib in Resources */,
				265DEB641BAC48B90076F222 /* Podfile in Resources */,
				2678A5891B7E4BB4000CF85A /* Images.xcassets in Resources */,
				263874C11D0222FF008BF00E /* GoogleService-Info.plist in Resources */,
				0EBE9D5C1E787E0700355E1E /* TeamHeaderView.xib in Resources */,
				0E31C5831E772260008E9C9C /* Settings.bundle in Resources */,
			);
			runOnlyForDeploymentPostprocessing = 0;
		};
		2678A58F1B7E4BB4000CF85A /* Resources */ = {
			isa = PBXResourcesBuildPhase;
			buildActionMask = 2147483647;
			files = (
			);
			runOnlyForDeploymentPostprocessing = 0;
		};
/* End PBXResourcesBuildPhase section */

/* Begin PBXShellScriptBuildPhase section */
		04F4F2FEBC08FA15D0CA950D /* [CP] Copy Pods Resources */ = {
			isa = PBXShellScriptBuildPhase;
			buildActionMask = 2147483647;
			files = (
			);
			inputPaths = (
			);
			name = "[CP] Copy Pods Resources";
			outputPaths = (
			);
			runOnlyForDeploymentPostprocessing = 0;
			shellPath = /bin/sh;
			shellScript = "\"${SRCROOT}/Pods/Target Support Files/Pods-BreakOutTests/Pods-BreakOutTests-resources.sh\"\n";
			showEnvVarsInLog = 0;
		};
		2688FD0B1BAC5D7200D2E676 /* ShellScript */ = {
			isa = PBXShellScriptBuildPhase;
			buildActionMask = 2147483647;
			files = (
			);
			inputPaths = (
			);
			outputPaths = (
			);
			runOnlyForDeploymentPostprocessing = 0;
			shellPath = /bin/sh;
			shellScript = "\"${PODS_ROOT}/Fabric/run\" 1c0980d1b003b77f0ea981400d725dab7fef673b 0fdd77bc7fcb1d472997f39a62c7399a604d22d98dddebb29e0b49f161bbadb1";
		};
		2E21B2536BBB67527F851128 /* [CP] Check Pods Manifest.lock */ = {
			isa = PBXShellScriptBuildPhase;
			buildActionMask = 2147483647;
			files = (
			);
			inputPaths = (
			);
			name = "[CP] Check Pods Manifest.lock";
			outputPaths = (
			);
			runOnlyForDeploymentPostprocessing = 0;
			shellPath = /bin/sh;
			shellScript = "diff \"${PODS_ROOT}/../Podfile.lock\" \"${PODS_ROOT}/Manifest.lock\" > /dev/null\nif [ $? != 0 ] ; then\n    # print error to STDERR\n    echo \"error: The sandbox is not in sync with the Podfile.lock. Run 'pod install' or update your CocoaPods installation.\" >&2\n    exit 1\nfi\n";
			showEnvVarsInLog = 0;
		};
		5A811A17E3A5FB935C69A35A /* [CP] Copy Pods Resources */ = {
			isa = PBXShellScriptBuildPhase;
			buildActionMask = 2147483647;
			files = (
			);
			inputPaths = (
			);
			name = "[CP] Copy Pods Resources";
			outputPaths = (
			);
			runOnlyForDeploymentPostprocessing = 0;
			shellPath = /bin/sh;
			shellScript = "\"${SRCROOT}/Pods/Target Support Files/Pods-BreakOut/Pods-BreakOut-resources.sh\"\n";
			showEnvVarsInLog = 0;
		};
		D8E83D31EDBE2450FA5C7947 /* [CP] Check Pods Manifest.lock */ = {
			isa = PBXShellScriptBuildPhase;
			buildActionMask = 2147483647;
			files = (
			);
			inputPaths = (
			);
			name = "[CP] Check Pods Manifest.lock";
			outputPaths = (
			);
			runOnlyForDeploymentPostprocessing = 0;
			shellPath = /bin/sh;
			shellScript = "diff \"${PODS_ROOT}/../Podfile.lock\" \"${PODS_ROOT}/Manifest.lock\" > /dev/null\nif [ $? != 0 ] ; then\n    # print error to STDERR\n    echo \"error: The sandbox is not in sync with the Podfile.lock. Run 'pod install' or update your CocoaPods installation.\" >&2\n    exit 1\nfi\n";
			showEnvVarsInLog = 0;
		};
		E047DB7A768B98660EB70887 /* [CP] Embed Pods Frameworks */ = {
			isa = PBXShellScriptBuildPhase;
			buildActionMask = 2147483647;
			files = (
			);
			inputPaths = (
			);
			name = "[CP] Embed Pods Frameworks";
			outputPaths = (
			);
			runOnlyForDeploymentPostprocessing = 0;
			shellPath = /bin/sh;
			shellScript = "\"${SRCROOT}/Pods/Target Support Files/Pods-BreakOut/Pods-BreakOut-frameworks.sh\"\n";
			showEnvVarsInLog = 0;
		};
		E592B9A497B6ABD9894FDD4E /* [CP] Embed Pods Frameworks */ = {
			isa = PBXShellScriptBuildPhase;
			buildActionMask = 2147483647;
			files = (
			);
			inputPaths = (
			);
			name = "[CP] Embed Pods Frameworks";
			outputPaths = (
			);
			runOnlyForDeploymentPostprocessing = 0;
			shellPath = /bin/sh;
			shellScript = "\"${SRCROOT}/Pods/Target Support Files/Pods-BreakOutTests/Pods-BreakOutTests-frameworks.sh\"\n";
			showEnvVarsInLog = 0;
		};
/* End PBXShellScriptBuildPhase section */

/* Begin PBXSourcesBuildPhase section */
		2678A5761B7E4BB4000CF85A /* Sources */ = {
			isa = PBXSourcesBuildPhase;
			buildActionMask = 2147483647;
			files = (
				61D0BE7E1CD6B3D50069DAEC /* PrivateConstants.swift in Sources */,
				262955AE1CE79656004D3213 /* PostingCommentInputTableViewCell.swift in Sources */,
				2646AB441C56BE680082CA71 /* JoinTeamViewController.swift in Sources */,
				0E3B87F41E61F85100C21AB9 /* Type.swift in Sources */,
				26DA0DA61C31568A009AB1B7 /* InternalWebViewController.swift in Sources */,
				26DA0DA21C31538A009AB1B7 /* LoginRegisterViewController.swift in Sources */,
				0E3B87ED1E61F82200C21AB9 /* Video.swift in Sources */,
				0E3B87DF1E61F7C400C21AB9 /* Post.swift in Sources */,
				61E86D791CE77082000CD707 /* MapLocation.swift in Sources */,
				26BB1E8A1C3F082C00871024 /* SidebarMenuTableViewController.swift in Sources */,
				262955B01CE8FABD004D3213 /* HelpTableViewController.swift in Sources */,
				0E3B87EB1E61F81C00C21AB9 /* Image.swift in Sources */,
				0E3B87F21E61F84100C21AB9 /* Comment.swift in Sources */,
				0E3B87EF1E61F82900C21AB9 /* MediaItem.swift in Sources */,
				26F29BED1CF21137003DB37E /* ChallengesTableViewController.swift in Sources */,
				6153CCB91CD7FA1900E9CAE6 /* BasicLocationController.swift in Sources */,
				0E3B87FA1E61F93900C21AB9 /* NewComment.swift in Sources */,
				269AADC81C9483E10034F32C /* Constants.swift in Sources */,
				0E3B87E51E61F7DF00C21AB9 /* Event.swift in Sources */,
				0E8990591E6871E00080E123 /* PersistentViewController.swift in Sources */,
				26AA75231C81CFA80023D009 /* BOPopoverViewController.swift in Sources */,
				2678A5841B7E4BB4000CF85A /* AboutBreakOutViewController.swift in Sources */,
				0E9A25121E6440F60011082D /* AppDefaults.swift in Sources */,
				26985F151C428EAB00C5FA0C /* BecomeParticipantTableViewController.swift in Sources */,
				260121421C78F6F20041EAA8 /* BOToast.swift in Sources */,
				2643F5F51CC2B94500031038 /* NewPostingTableViewController.swift in Sources */,
				0EBE9D5E1E787F6600355E1E /* TeamHeaderView.swift in Sources */,
				260121481C79008E0041EAA8 /* BOButton.swift in Sources */,
				2678A5801B7E4BB4000CF85A /* AppDelegate.swift in Sources */,
				0E6289241E623F7E00EF1FAD /* UploadManager.swift in Sources */,
				0E3B87FC1E61F9B100C21AB9 /* Challenge.swift in Sources */,
				0EC3F3FC1E64B7F800908372 /* GenderAPI.swift in Sources */,
				0E3B87F81E61F8A500C21AB9 /* JSON+BreakOut.swift in Sources */,
				2678B0441C39CBA800136507 /* ContainerViewController.swift in Sources */,
				26AA75251C8318A20023D009 /* CreateTeamTableViewController.swift in Sources */,
				0E31C5851E7747C4008E9C9C /* TeamViewController.swift in Sources */,
				260121401C7892620041EAA8 /* FeatureFlagManager.swift in Sources */,
				260121461C78FE650041EAA8 /* BOImageView.swift in Sources */,
				26FD9E711C0BAEF100BF9EFD /* StyleInformation.swift in Sources */,
				262FA8FD1CCD1C210094B810 /* PostingTableViewCell.swift in Sources */,
				262FA8FB1CCD1BF70094B810 /* AllPostingsTableViewController.swift in Sources */,
				2649F80B1C652AF4005AA763 /* TeamProfileViewController.swift in Sources */,
				0E8663361E63A99900B5738D /* NewPost.swift in Sources */,
				26985F2D1C4301A600C5FA0C /* CurrentUser.swift in Sources */,
				0E3B87E11E61F7CC00C21AB9 /* Location.swift in Sources */,
				265FF0471C64AB4900176F3B /* WelcomeScreenViewController.swift in Sources */,
				26B3272F1CF63E060039FB66 /* BOLocationManager.swift in Sources */,
				26DA0DA81C316317009AB1B7 /* UserProfileTableViewController.swift in Sources */,
				263874BF1D01940B008BF00E /* LoadingTableViewCell.swift in Sources */,
				2678A5821B7E4BB4000CF85A /* FirstViewController.swift in Sources */,
				262955AA1CE7898B004D3213 /* PostingDetailsTableViewController.swift in Sources */,
				260121441C78FD6C0041EAA8 /* Extensions.swift in Sources */,
				26F29BEB1CF2111E003DB37E /* ChallengeTableViewCell.swift in Sources */,
				0E3B87F61E61F88400C21AB9 /* NewMedia.swift in Sources */,
				262955AC1CE789B4004D3213 /* PostingCommentTableViewCell.swift in Sources */,
				0E3B87E91E61F7F900C21AB9 /* BreakOutEndpoints.swift in Sources */,
				0E3B87E31E61F7D600C21AB9 /* Team.swift in Sources */,
				61D0BE7A1CD6B32A0069DAEC /* MapViewController.swift in Sources */,
				26B327311CFB6C050039FB66 /* BOPushManager.swift in Sources */,
				2649F80D1C652C15005AA763 /* TeamProfilePostingsTableViewController.swift in Sources */,
				263BAE471C63B59900271EF0 /* JoinTeamByInvitationTableViewController.swift in Sources */,
				0E3B87E71E61F7E700C21AB9 /* Participant.swift in Sources */,
				269AADC61C936C2C0034F32C /* BONetworkIndicator.swift in Sources */,
				0EF0FAE61E260A7F0049F878 /* BreakOut.swift in Sources */,
			);
			runOnlyForDeploymentPostprocessing = 0;
		};
		2678A58D1B7E4BB4000CF85A /* Sources */ = {
			isa = PBXSourcesBuildPhase;
			buildActionMask = 2147483647;
			files = (
				2678A5981B7E4BB4000CF85A /* BreakOutTests.swift in Sources */,
			);
			runOnlyForDeploymentPostprocessing = 0;
		};
/* End PBXSourcesBuildPhase section */

/* Begin PBXTargetDependency section */
		2678A5931B7E4BB4000CF85A /* PBXTargetDependency */ = {
			isa = PBXTargetDependency;
			target = 2678A5791B7E4BB4000CF85A /* BreakOut */;
			targetProxy = 2678A5921B7E4BB4000CF85A /* PBXContainerItemProxy */;
		};
/* End PBXTargetDependency section */

/* Begin PBXVariantGroup section */
		2678A5851B7E4BB4000CF85A /* Main.storyboard */ = {
			isa = PBXVariantGroup;
			children = (
				2678A5861B7E4BB4000CF85A /* Base */,
				26985F181C42973D00C5FA0C /* de */,
			);
			name = Main.storyboard;
			sourceTree = "<group>";
		};
		2678A58A1B7E4BB4000CF85A /* LaunchScreen.xib */ = {
			isa = PBXVariantGroup;
			children = (
				2678A58B1B7E4BB4000CF85A /* Base */,
				26985F191C42973D00C5FA0C /* de */,
			);
			name = LaunchScreen.xib;
			sourceTree = "<group>";
		};
		26985F1C1C42974D00C5FA0C /* Localizable.strings */ = {
			isa = PBXVariantGroup;
			children = (
				26985F1E1C42975300C5FA0C /* de */,
				26985F1F1C42976900C5FA0C /* en */,
			);
			name = Localizable.strings;
			sourceTree = "<group>";
		};
/* End PBXVariantGroup section */

/* Begin XCBuildConfiguration section */
		2678A5991B7E4BB4000CF85A /* Debug */ = {
			isa = XCBuildConfiguration;
			buildSettings = {
				ALWAYS_SEARCH_USER_PATHS = NO;
				CLANG_ANALYZER_LOCALIZABILITY_NONLOCALIZED = YES;
				CLANG_CXX_LANGUAGE_STANDARD = "gnu++0x";
				CLANG_CXX_LIBRARY = "libc++";
				CLANG_ENABLE_MODULES = YES;
				CLANG_ENABLE_OBJC_ARC = YES;
				CLANG_WARN_BOOL_CONVERSION = YES;
				CLANG_WARN_CONSTANT_CONVERSION = YES;
				CLANG_WARN_DIRECT_OBJC_ISA_USAGE = YES_ERROR;
				CLANG_WARN_EMPTY_BODY = YES;
				CLANG_WARN_ENUM_CONVERSION = YES;
				CLANG_WARN_INFINITE_RECURSION = YES;
				CLANG_WARN_INT_CONVERSION = YES;
				CLANG_WARN_OBJC_ROOT_CLASS = YES_ERROR;
				CLANG_WARN_SUSPICIOUS_MOVE = YES;
				CLANG_WARN_UNREACHABLE_CODE = YES;
				CLANG_WARN__DUPLICATE_METHOD_MATCH = YES;
				"CODE_SIGN_IDENTITY[sdk=iphoneos*]" = "iPhone Developer";
				COPY_PHASE_STRIP = NO;
				DEBUG_INFORMATION_FORMAT = "dwarf-with-dsym";
				ENABLE_STRICT_OBJC_MSGSEND = YES;
				ENABLE_TESTABILITY = YES;
				GCC_C_LANGUAGE_STANDARD = gnu99;
				GCC_DYNAMIC_NO_PIC = NO;
				GCC_NO_COMMON_BLOCKS = YES;
				GCC_OPTIMIZATION_LEVEL = 0;
				GCC_PREPROCESSOR_DEFINITIONS = (
					"DEBUG=1",
					"$(inherited)",
				);
				GCC_SYMBOLS_PRIVATE_EXTERN = NO;
				GCC_WARN_64_TO_32_BIT_CONVERSION = YES;
				GCC_WARN_ABOUT_RETURN_TYPE = YES_ERROR;
				GCC_WARN_UNDECLARED_SELECTOR = YES;
				GCC_WARN_UNINITIALIZED_AUTOS = YES_AGGRESSIVE;
				GCC_WARN_UNUSED_FUNCTION = YES;
				GCC_WARN_UNUSED_VARIABLE = YES;
				IPHONEOS_DEPLOYMENT_TARGET = 8.0;
				MTL_ENABLE_DEBUG_INFO = YES;
				ONLY_ACTIVE_ARCH = YES;
				SDKROOT = iphoneos;
				SWIFT_OPTIMIZATION_LEVEL = "-Onone";
				TARGETED_DEVICE_FAMILY = "1,2";
			};
			name = Debug;
		};
		2678A59A1B7E4BB4000CF85A /* Release */ = {
			isa = XCBuildConfiguration;
			buildSettings = {
				ALWAYS_SEARCH_USER_PATHS = NO;
				CLANG_ANALYZER_LOCALIZABILITY_NONLOCALIZED = YES;
				CLANG_CXX_LANGUAGE_STANDARD = "gnu++0x";
				CLANG_CXX_LIBRARY = "libc++";
				CLANG_ENABLE_MODULES = YES;
				CLANG_ENABLE_OBJC_ARC = YES;
				CLANG_WARN_BOOL_CONVERSION = YES;
				CLANG_WARN_CONSTANT_CONVERSION = YES;
				CLANG_WARN_DIRECT_OBJC_ISA_USAGE = YES_ERROR;
				CLANG_WARN_EMPTY_BODY = YES;
				CLANG_WARN_ENUM_CONVERSION = YES;
				CLANG_WARN_INFINITE_RECURSION = YES;
				CLANG_WARN_INT_CONVERSION = YES;
				CLANG_WARN_OBJC_ROOT_CLASS = YES_ERROR;
				CLANG_WARN_SUSPICIOUS_MOVE = YES;
				CLANG_WARN_UNREACHABLE_CODE = YES;
				CLANG_WARN__DUPLICATE_METHOD_MATCH = YES;
				"CODE_SIGN_IDENTITY[sdk=iphoneos*]" = "iPhone Developer";
				COPY_PHASE_STRIP = NO;
				DEBUG_INFORMATION_FORMAT = "dwarf-with-dsym";
				ENABLE_NS_ASSERTIONS = NO;
				ENABLE_STRICT_OBJC_MSGSEND = YES;
				GCC_C_LANGUAGE_STANDARD = gnu99;
				GCC_NO_COMMON_BLOCKS = YES;
				GCC_WARN_64_TO_32_BIT_CONVERSION = YES;
				GCC_WARN_ABOUT_RETURN_TYPE = YES_ERROR;
				GCC_WARN_UNDECLARED_SELECTOR = YES;
				GCC_WARN_UNINITIALIZED_AUTOS = YES_AGGRESSIVE;
				GCC_WARN_UNUSED_FUNCTION = YES;
				GCC_WARN_UNUSED_VARIABLE = YES;
				IPHONEOS_DEPLOYMENT_TARGET = 8.0;
				MTL_ENABLE_DEBUG_INFO = NO;
				SDKROOT = iphoneos;
				SWIFT_OPTIMIZATION_LEVEL = "-Owholemodule";
				TARGETED_DEVICE_FAMILY = "1,2";
				VALIDATE_PRODUCT = YES;
			};
			name = Release;
		};
		2678A59C1B7E4BB4000CF85A /* Debug */ = {
			isa = XCBuildConfiguration;
			baseConfigurationReference = 2303591E0CC7FD81D5C88E41 /* Pods-BreakOut.debug.xcconfig */;
			buildSettings = {
				ALWAYS_EMBED_SWIFT_STANDARD_LIBRARIES = YES;
				ASSETCATALOG_COMPILER_APPICON_NAME = AppIcon;
				CODE_SIGN_ENTITLEMENTS = BreakOut/BreakOut.entitlements;
				CODE_SIGN_IDENTITY = "iPhone Developer";
				"CODE_SIGN_IDENTITY[sdk=iphoneos*]" = "iPhone Developer";
				DEVELOPMENT_TEAM = KJPP698PR3;
				INFOPLIST_FILE = BreakOut/Info.plist;
				IPHONEOS_DEPLOYMENT_TARGET = 10.0;
				LD_RUNPATH_SEARCH_PATHS = "$(inherited) @executable_path/Frameworks";
				OTHER_SWIFT_FLAGS = "$(inherited) \"-D\" \"COCOAPODS\"";
				"OTHER_SWIFT_FLAGS[arch=*]" = "-DDEBUG";
				PRODUCT_BUNDLE_IDENTIFIER = io.quintero.breakout;
				PRODUCT_NAME = "$(TARGET_NAME)";
				PROVISIONING_PROFILE = "c19d1991-453d-4310-8988-4c09da62bcaf";
				PROVISIONING_PROFILE_SPECIFIER = "BreakOut-Develop";
				SWIFT_OBJC_BRIDGING_HEADER = "BreakOut/bridging-header.h";
				SWIFT_VERSION = 3.0;
				TARGETED_DEVICE_FAMILY = 1;
			};
			name = Debug;
		};
		2678A59D1B7E4BB4000CF85A /* Release */ = {
			isa = XCBuildConfiguration;
			baseConfigurationReference = 05FB01B2A32B991368F6CE98 /* Pods-BreakOut.release.xcconfig */;
			buildSettings = {
				ALWAYS_EMBED_SWIFT_STANDARD_LIBRARIES = YES;
				ASSETCATALOG_COMPILER_APPICON_NAME = AppIcon;
				CODE_SIGN_ENTITLEMENTS = BreakOut/BreakOut.entitlements;
				CODE_SIGN_IDENTITY = "iPhone Developer";
				"CODE_SIGN_IDENTITY[sdk=iphoneos*]" = "iPhone Distribution";
				DEVELOPMENT_TEAM = KJPP698PR3;
				INFOPLIST_FILE = BreakOut/Info.plist;
				IPHONEOS_DEPLOYMENT_TARGET = 10.0;
				LD_RUNPATH_SEARCH_PATHS = "$(inherited) @executable_path/Frameworks";
				PRODUCT_BUNDLE_IDENTIFIER = io.quintero.breakout;
				PRODUCT_NAME = "$(TARGET_NAME)";
				PROVISIONING_PROFILE = "444f41e3-965d-41fd-9b01-812a3de4a906";
				PROVISIONING_PROFILE_SPECIFIER = "BreakOut-Beta";
				SWIFT_OBJC_BRIDGING_HEADER = "BreakOut/bridging-header.h";
				SWIFT_VERSION = 3.0;
				TARGETED_DEVICE_FAMILY = 1;
			};
			name = Release;
		};
		2678A59F1B7E4BB4000CF85A /* Debug */ = {
			isa = XCBuildConfiguration;
			baseConfigurationReference = CF4620A2B9DD25958682F201 /* Pods-BreakOutTests.debug.xcconfig */;
			buildSettings = {
				BUNDLE_LOADER = "$(TEST_HOST)";
				FRAMEWORK_SEARCH_PATHS = (
					"$(SDKROOT)/Developer/Library/Frameworks",
					"$(inherited)",
				);
				GCC_PREPROCESSOR_DEFINITIONS = (
					"DEBUG=1",
					"$(inherited)",
				);
				INFOPLIST_FILE = BreakOutTests/Info.plist;
				LD_RUNPATH_SEARCH_PATHS = "$(inherited) @executable_path/Frameworks @loader_path/Frameworks";
				PRODUCT_BUNDLE_IDENTIFIER = "com.breakout.$(PRODUCT_NAME:rfc1034identifier)";
				PRODUCT_NAME = "$(TARGET_NAME)";
				SWIFT_VERSION = 3.0;
				TEST_HOST = "$(BUILT_PRODUCTS_DIR)/BreakOut.app/BreakOut";
			};
			name = Debug;
		};
		2678A5A01B7E4BB4000CF85A /* Release */ = {
			isa = XCBuildConfiguration;
			baseConfigurationReference = 0E6E6A60DAADD446EC06104D /* Pods-BreakOutTests.release.xcconfig */;
			buildSettings = {
				BUNDLE_LOADER = "$(TEST_HOST)";
				FRAMEWORK_SEARCH_PATHS = (
					"$(SDKROOT)/Developer/Library/Frameworks",
					"$(inherited)",
				);
				INFOPLIST_FILE = BreakOutTests/Info.plist;
				LD_RUNPATH_SEARCH_PATHS = "$(inherited) @executable_path/Frameworks @loader_path/Frameworks";
				PRODUCT_BUNDLE_IDENTIFIER = "com.breakout.$(PRODUCT_NAME:rfc1034identifier)";
				PRODUCT_NAME = "$(TARGET_NAME)";
				SWIFT_VERSION = 3.0;
				TEST_HOST = "$(BUILT_PRODUCTS_DIR)/BreakOut.app/BreakOut";
			};
			name = Release;
		};
/* End XCBuildConfiguration section */

/* Begin XCConfigurationList section */
		2678A5751B7E4BB4000CF85A /* Build configuration list for PBXProject "BreakOut" */ = {
			isa = XCConfigurationList;
			buildConfigurations = (
				2678A5991B7E4BB4000CF85A /* Debug */,
				2678A59A1B7E4BB4000CF85A /* Release */,
			);
			defaultConfigurationIsVisible = 0;
			defaultConfigurationName = Release;
		};
		2678A59B1B7E4BB4000CF85A /* Build configuration list for PBXNativeTarget "BreakOut" */ = {
			isa = XCConfigurationList;
			buildConfigurations = (
				2678A59C1B7E4BB4000CF85A /* Debug */,
				2678A59D1B7E4BB4000CF85A /* Release */,
			);
			defaultConfigurationIsVisible = 0;
			defaultConfigurationName = Release;
		};
		2678A59E1B7E4BB4000CF85A /* Build configuration list for PBXNativeTarget "BreakOutTests" */ = {
			isa = XCConfigurationList;
			buildConfigurations = (
				2678A59F1B7E4BB4000CF85A /* Debug */,
				2678A5A01B7E4BB4000CF85A /* Release */,
			);
			defaultConfigurationIsVisible = 0;
			defaultConfigurationName = Release;
		};
/* End XCConfigurationList section */
	};
	rootObject = 2678A5721B7E4BB4000CF85A /* Project object */;
}
